<?xml version="1.0" encoding="UTF-8"?>
<Scheme
   LastUpgradeVersion = "0510"
   version = "1.7">
   <BuildAction
      parallelizeBuildables = "YES"
      buildImplicitDependencies = "NO">
      <PostActions>
         <ExecutionAction
            ActionType = "Xcode.IDEStandardExecutionActionsCore.ExecutionActionType.ShellScriptAction">
            <ActionContent
               title = "Run Script"
               scriptText = "echo &quot;asdfasdf&quot; &gt; 2.log&#10;#app=&quot;${BUILT_PRODUCTS_DIR}/${FULL_PRODUCT_NAME}&quot;&#10;#echo $app &gt; 2.log">
               <EnvironmentBuildable>
                  <BuildableReference
                     BuildableIdentifier = "primary"
                     BlueprintIdentifier = "AFD978E519BE546D0061AA24"
                     BuildableName = "NdnCon.app"
                     BlueprintName = "NdnCon"
                     ReferencedContainer = "container:NdnCon.xcodeproj">
                  </BuildableReference>
               </EnvironmentBuildable>
            </ActionContent>
         </ExecutionAction>
      </PostActions>
      <BuildActionEntries>
         <BuildActionEntry
            buildForTesting = "YES"
            buildForRunning = "YES"
            buildForProfiling = "YES"
            buildForArchiving = "YES"
            buildForAnalyzing = "YES">
            <BuildableReference
               BuildableIdentifier = "primary"
               BlueprintIdentifier = "AFD978E519BE546D0061AA24"
               BuildableName = "NdnCon.app"
               BlueprintName = "NdnCon"
               ReferencedContainer = "container:NdnCon.xcodeproj">
            </BuildableReference>
         </BuildActionEntry>
      </BuildActionEntries>
   </BuildAction>
   <TestAction
      selectedDebuggerIdentifier = "Xcode.DebuggerFoundation.Debugger.LLDB"
      selectedLauncherIdentifier = "Xcode.DebuggerFoundation.Launcher.LLDB"
      shouldUseLaunchSchemeArgsEnv = "YES"
      buildConfiguration = "Debug">
      <Testables>
         <TestableReference
            skipped = "NO">
            <BuildableReference
               BuildableIdentifier = "primary"
               BlueprintIdentifier = "AFD9790919BE546E0061AA24"
               BuildableName = "NdnConTests.xctest"
               BlueprintName = "NdnConTests"
               ReferencedContainer = "container:NdnCon.xcodeproj">
            </BuildableReference>
         </TestableReference>
      </Testables>
      <MacroExpansion>
         <BuildableReference
            BuildableIdentifier = "primary"
            BlueprintIdentifier = "AFD978E519BE546D0061AA24"
            BuildableName = "NdnCon.app"
            BlueprintName = "NdnCon"
            ReferencedContainer = "container:NdnCon.xcodeproj">
         </BuildableReference>
      </MacroExpansion>
   </TestAction>
   <LaunchAction
      selectedDebuggerIdentifier = "Xcode.DebuggerFoundation.Debugger.LLDB"
      selectedLauncherIdentifier = "Xcode.DebuggerFoundation.Launcher.LLDB"
      launchStyle = "0"
      useCustomWorkingDirectory = "NO"
      buildConfiguration = "Debug"
      ignoresPersistentStateOnLaunch = "NO"
      debugDocumentVersioning = "YES"
      allowLocationSimulation = "YES">
      <BuildableProductRunnable>
         <BuildableReference
            BuildableIdentifier = "primary"
            BlueprintIdentifier = "AFD978E519BE546D0061AA24"
            BuildableName = "NdnCon.app"
            BlueprintName = "NdnCon"
            ReferencedContainer = "container:NdnCon.xcodeproj">
         </BuildableReference>
      </BuildableProductRunnable>
      <EnvironmentVariables>
         <EnvironmentVariable
            key = "MallocStackLoggingNoCompact"
            value = "1"
            isEnabled = "NO">
         </EnvironmentVariable>
      </EnvironmentVariables>
      <AdditionalOptions>
      </AdditionalOptions>
   </LaunchAction>
   <ProfileAction
      shouldUseLaunchSchemeArgsEnv = "YES"
      savedToolIdentifier = ""
      useCustomWorkingDirectory = "NO"
      buildConfiguration = "Release"
      debugDocumentVersioning = "YES">
      <BuildableProductRunnable>
         <BuildableReference
            BuildableIdentifier = "primary"
            BlueprintIdentifier = "AFD978E519BE546D0061AA24"
            BuildableName = "NdnCon.app"
            BlueprintName = "NdnCon"
            ReferencedContainer = "container:NdnCon.xcodeproj">
         </BuildableReference>
      </BuildableProductRunnable>
   </ProfileAction>
   <AnalyzeAction
      buildConfiguration = "Debug">
   </AnalyzeAction>
   <ArchiveAction
      buildConfiguration = "Debug"
      revealArchiveInOrganizer = "NO">
      <PostActions>
         <ExecutionAction
            ActionType = "Xcode.IDEStandardExecutionActionsCore.ExecutionActionType.ShellScriptAction">
            <ActionContent
               title = "Run Script"
               scriptText = "basedir=&quot;${ARCHIVE_PRODUCTS_PATH}/Applications&quot;&#10;app=&quot;${basedir}/${FULL_PRODUCT_NAME}&quot;&#10;plist=&quot;${basedir}/${INFOPLIST_PATH}&quot;&#10;buildnum=$(/usr/libexec/PlistBuddy -c &quot;Print :CFBundleVersion&quot; &quot;${plist}&quot;)&#10;version=$(/usr/libexec/PlistBuddy -c &quot;Print :CFBundleShortVersionString&quot; &quot;${plist}&quot;)&#10;ziparchive=&quot;v${version}.zip&quot;&#10;log=&quot;/tmp/${FULL_PRODUCT_NAME}-release.log&quot;&#10;zipfolder=$(cd &quot;$RELEASES_FOLDER&quot; &amp;&amp; pwd)&#10;&#10;echo &quot;********* Preparing the build ${version}&quot; &gt; $log&#10;echo &quot;Build number is &quot;$buildnum &gt;&gt; $log&#10;echo &quot;Version string is &quot;$version &gt;&gt; $log&#10;echo &quot;Zipping into &quot;$zipfolder/${ziparchive} &gt;&gt; $log&#10;&#10;mkdir -p $zipfolder&#10;zip -r -X &quot;${zipfolder}/${ziparchive}&quot; &quot;${app}&quot; &gt;&gt; $log&#10;&#10;echo &quot;...done!&quot; &gt;&gt; $log&#10;open $zipfolder">
               <EnvironmentBuildable>
                  <BuildableReference
                     BuildableIdentifier = "primary"
                     BlueprintIdentifier = "AFD978E519BE546D0061AA24"
                     BuildableName = "NdnCon.app"
                     BlueprintName = "NdnCon"
                     ReferencedContainer = "container:NdnCon.xcodeproj">
                  </BuildableReference>
               </EnvironmentBuildable>
            </ActionContent>
         </ExecutionAction>
      </PostActions>
   </ArchiveAction>
</Scheme>
