<?xml version="1.0" encoding="UTF-8"?>
<Scheme
   LastUpgradeVersion = "0610"
   version = "1.7">
   <BuildAction
      parallelizeBuildables = "YES"
      buildImplicitDependencies = "YES">
      <BuildActionEntries>
         <BuildActionEntry
            buildForTesting = "YES"
            buildForRunning = "YES"
            buildForProfiling = "YES"
            buildForArchiving = "YES"
            buildForAnalyzing = "YES">
            <BuildableReference
               BuildableIdentifier = "primary"
               BlueprintIdentifier = "AFDD0DA01A7318380076A301"
               BuildableName = "ndncon.app"
               BlueprintName = "NdnCon-Release"
               ReferencedContainer = "container:NdnCon.xcodeproj">
            </BuildableReference>
         </BuildActionEntry>
      </BuildActionEntries>
   </BuildAction>
   <TestAction
      selectedDebuggerIdentifier = "Xcode.DebuggerFoundation.Debugger.LLDB"
      selectedLauncherIdentifier = "Xcode.DebuggerFoundation.Launcher.LLDB"
      shouldUseLaunchSchemeArgsEnv = "YES"
      buildConfiguration = "Release">
      <Testables>
      </Testables>
      <MacroExpansion>
         <BuildableReference
            BuildableIdentifier = "primary"
            BlueprintIdentifier = "AFDD0DA01A7318380076A301"
            BuildableName = "ndncon.app"
            BlueprintName = "NdnCon-Release"
            ReferencedContainer = "container:NdnCon.xcodeproj">
         </BuildableReference>
      </MacroExpansion>
   </TestAction>
   <LaunchAction
      selectedDebuggerIdentifier = "Xcode.DebuggerFoundation.Debugger.LLDB"
      selectedLauncherIdentifier = "Xcode.DebuggerFoundation.Launcher.LLDB"
      launchStyle = "0"
      useCustomWorkingDirectory = "NO"
      buildConfiguration = "Debug"
      ignoresPersistentStateOnLaunch = "NO"
      debugDocumentVersioning = "YES"
      allowLocationSimulation = "YES">
      <BuildableProductRunnable
         runnableDebuggingMode = "0">
         <BuildableReference
            BuildableIdentifier = "primary"
            BlueprintIdentifier = "AFDD0DA01A7318380076A301"
            BuildableName = "ndncon.app"
            BlueprintName = "NdnCon-Release"
            ReferencedContainer = "container:NdnCon.xcodeproj">
         </BuildableReference>
      </BuildableProductRunnable>
      <AdditionalOptions>
      </AdditionalOptions>
   </LaunchAction>
   <ProfileAction
      shouldUseLaunchSchemeArgsEnv = "YES"
      savedToolIdentifier = ""
      useCustomWorkingDirectory = "NO"
      buildConfiguration = "Release"
      debugDocumentVersioning = "YES">
      <BuildableProductRunnable
         runnableDebuggingMode = "0">
         <BuildableReference
            BuildableIdentifier = "primary"
            BlueprintIdentifier = "AFDD0DA01A7318380076A301"
            BuildableName = "ndncon.app"
            BlueprintName = "NdnCon-Release"
            ReferencedContainer = "container:NdnCon.xcodeproj">
         </BuildableReference>
      </BuildableProductRunnable>
   </ProfileAction>
   <AnalyzeAction
      buildConfiguration = "Release">
   </AnalyzeAction>
   <ArchiveAction
      buildConfiguration = "Debug"
      customArchiveName = "NdnCon"
      revealArchiveInOrganizer = "NO">
      <PostActions>
         <ExecutionAction
            ActionType = "Xcode.IDEStandardExecutionActionsCore.ExecutionActionType.ShellScriptAction">
            <ActionContent
               title = "Run Script"
               scriptText = "log=&quot;/tmp/${FULL_PRODUCT_NAME}-release.log&quot;&#10;echo &quot;********* Adding dependencies dSYMs into the archive...&quot; &gt; $log&#10;function copyLibDsym()&#10;{&#10;    local lib=$1&#10;    local libfile=$(basename $lib)&#10;    local libname=&quot;${libfile%.*}&quot;&#10;    echo &quot;extracting dSYMs from ${libname} to ${ARCHIVE_DSYMS_PATH}/${libname}.dSYM&quot; &gt;&gt; $log&#10;    dsymutil &quot;$lib&quot; -o &quot;${ARCHIVE_DSYMS_PATH}/${libname}.dSYM&quot;&#10;}&#10;&#10;ndnrtclib=&quot;${NDNRTC_LIB_PATH}/libndnrtc.dylib&quot;&#10;ndncpplib=&quot;${NDNCPP_LIB_PATH}/libndn-cpp.dylib&quot;&#10;discoverylib=&quot;${NDNCHAT_LIB_PATH}/libentity-discovery.dylib&quot;&#10;chatlib=&quot;${NDNCHAT_LIB_PATH}/libchrono-chat2013.dylib&quot;&#10;&#10;copyLibDsym $ndnrtclib&#10;copyLibDsym $ndncpplib&#10;copyLibDsym $discoverylib&#10;copyLibDsym $chatlib&#10;&#10;basedir=&quot;${ARCHIVE_PRODUCTS_PATH}/Applications&quot;&#10;app=&quot;${basedir}/${FULL_PRODUCT_NAME}&quot;&#10;plist=&quot;${basedir}/${INFOPLIST_PATH}&quot;&#10;buildnum=$(/usr/libexec/PlistBuddy -c &quot;Print :CFBundleVersion&quot; &quot;${plist}&quot;)&#10;version=$(/usr/libexec/PlistBuddy -c &quot;Print :CFBundleShortVersionString&quot; &quot;${plist}&quot;)&#10;ziparchive=&quot;v${version}.zip&quot;&#10;zipfolder=$(cd &quot;$RELEASES_FOLDER&quot; &amp;&amp; pwd)&#10;&#10;echo &quot;********* Preparing build ${version}&quot; &gt;&gt; $log&#10;echo &quot;Build number is &quot;$buildnum &gt;&gt; $log&#10;echo &quot;Version string is &quot;$version &gt;&gt; $log&#10;echo &quot;Zipping into &quot;$zipfolder/${ziparchive} &gt;&gt; $log&#10;&#10;mkdir -p $zipfolder&#10;cd &quot;${basedir}&quot; &amp;&amp; zip -r -X &quot;${zipfolder}/${ziparchive}&quot; &quot;${FULL_PRODUCT_NAME}&quot; &gt;&gt; $log&#10;&#10;echo &quot;...done!&quot; &gt;&gt; $log&#10;open $zipfolder">
               <EnvironmentBuildable>
                  <BuildableReference
                     BuildableIdentifier = "primary"
                     BlueprintIdentifier = "AFDD0DA01A7318380076A301"
                     BuildableName = "ndncon.app"
                     BlueprintName = "NdnCon-Release"
                     ReferencedContainer = "container:NdnCon.xcodeproj">
                  </BuildableReference>
               </EnvironmentBuildable>
            </ActionContent>
         </ExecutionAction>
      </PostActions>
   </ArchiveAction>
</Scheme>
