// !$*UTF8*$!
{
	archiveVersion = 1;
	classes = {
	};
	objectVersion = 46;
	objects = {

/* Begin PBXBuildFile section */
		AF11BAFB19D4E37E0011270F /* OpenGL.framework in Frameworks */ = {isa = PBXBuildFile; fileRef = AF11BAFA19D4E37E0011270F /* OpenGL.framework */; };
		AF3C6FA219BE98B200FAE40B /* settings.plist in Resources */ = {isa = PBXBuildFile; fileRef = AF3C6FA119BE98B200FAE40B /* settings.plist */; };
		AF3D2CFA19F708AA00A0D274 /* NSView+NCDragAndDropAbility.m in Sources */ = {isa = PBXBuildFile; fileRef = AF3D2CF919F708AA00A0D274 /* NSView+NCDragAndDropAbility.m */; };
		AF3D2CFD19F70C9E00A0D274 /* NCDropScrollView.m in Sources */ = {isa = PBXBuildFile; fileRef = AF3D2CFC19F70C9E00A0D274 /* NCDropScrollView.m */; };
		AF3E074519D4A86300028E26 /* NCVideoStreamRenderer.mm in Sources */ = {isa = PBXBuildFile; fileRef = AF3E074419D4A86300028E26 /* NCVideoStreamRenderer.mm */; };
		AF5D34A419DA1AF400227E75 /* NCGlView.m in Sources */ = {isa = PBXBuildFile; fileRef = AF5D34A319DA1AF400227E75 /* NCGlView.m */; };
		AF5D34A719DA29C800227E75 /* NCBlockDrawableView.m in Sources */ = {isa = PBXBuildFile; fileRef = AF5D34A619DA29C800227E75 /* NCBlockDrawableView.m */; };
		AF5D34AB19DA52E400227E75 /* NCClickableView.m in Sources */ = {isa = PBXBuildFile; fileRef = AF5D34AA19DA52E400227E75 /* NCClickableView.m */; };
		AF5D34AE19DB7B4700227E75 /* NSString+NCAdditions.mm in Sources */ = {isa = PBXBuildFile; fileRef = AF5D34AD19DB7B4700227E75 /* NSString+NCAdditions.mm */; };
		AF5D34B419DE227D00227E75 /* NCErrorController.m in Sources */ = {isa = PBXBuildFile; fileRef = AF5D34B319DE227D00227E75 /* NCErrorController.m */; };
		AF5D34B819DE22EF00227E75 /* PTNSingleton.m in Sources */ = {isa = PBXBuildFile; fileRef = AF5D34B719DE22EF00227E75 /* PTNSingleton.m */; };
		AF7026A819C11C550087B605 /* NCGeneralParametersView.xib in Resources */ = {isa = PBXBuildFile; fileRef = AF7026A719C11C550087B605 /* NCGeneralParametersView.xib */; };
		AF7026AD19C11C8F0087B605 /* NCGeneralParametersViewController.m in Sources */ = {isa = PBXBuildFile; fileRef = AF7026AC19C11C8F0087B605 /* NCGeneralParametersViewController.m */; };
		AF7026B719C250560087B605 /* NCStackEditorViewController.m in Sources */ = {isa = PBXBuildFile; fileRef = AF7026B519C250560087B605 /* NCStackEditorViewController.m */; };
		AF7026B819C250560087B605 /* NCStackEditorView.xib in Resources */ = {isa = PBXBuildFile; fileRef = AF7026B619C250560087B605 /* NCStackEditorView.xib */; };
		AF7026BA19C251490087B605 /* NCStackEditorEntryView.xib in Resources */ = {isa = PBXBuildFile; fileRef = AF7026B919C251490087B605 /* NCStackEditorEntryView.xib */; };
		AF7026BE19C252B50087B605 /* NCStackEditorEntryViewController.m in Sources */ = {isa = PBXBuildFile; fileRef = AF7026BC19C252B50087B605 /* NCStackEditorEntryViewController.m */; };
		AF7026C319C259AE0087B605 /* NCProducerParametersViewController.m in Sources */ = {isa = PBXBuildFile; fileRef = AF7026C119C259AE0087B605 /* NCProducerParametersViewController.m */; };
		AF7026C419C259AE0087B605 /* NCProducerParametersView.xib in Resources */ = {isa = PBXBuildFile; fileRef = AF7026C219C259AE0087B605 /* NCProducerParametersView.xib */; };
		AF7026C919C279A80087B605 /* NCVideoStreamViewController.m in Sources */ = {isa = PBXBuildFile; fileRef = AF7026C719C279A80087B605 /* NCVideoStreamViewController.m */; };
		AF7026CA19C279A80087B605 /* NCVideoStreamView.xib in Resources */ = {isa = PBXBuildFile; fileRef = AF7026C819C279A80087B605 /* NCVideoStreamView.xib */; };
		AF7026CD19C2B3940087B605 /* NCEditorEntryView.m in Sources */ = {isa = PBXBuildFile; fileRef = AF7026CC19C2B3940087B605 /* NCEditorEntryView.m */; };
		AF7026D019C36FA00087B605 /* NCStreamEditorViewController.m in Sources */ = {isa = PBXBuildFile; fileRef = AF7026CF19C36FA00087B605 /* NCStreamEditorViewController.m */; };
		AF7026D319C391B60087B605 /* NCStreamViewController.m in Sources */ = {isa = PBXBuildFile; fileRef = AF7026D219C391B60087B605 /* NCStreamViewController.m */; };
		AF7026D719C392E80087B605 /* NCAudioStreamViewController.m in Sources */ = {isa = PBXBuildFile; fileRef = AF7026D519C392E80087B605 /* NCAudioStreamViewController.m */; };
		AF7026D819C392E80087B605 /* NCAudioStreamView.xib in Resources */ = {isa = PBXBuildFile; fileRef = AF7026D619C392E80087B605 /* NCAudioStreamView.xib */; };
		AF7026DA19C3B5530087B605 /* AVFoundation.framework in Frameworks */ = {isa = PBXBuildFile; fileRef = AF7026D919C3B5530087B605 /* AVFoundation.framework */; };
		AF7026DC19C3B55C0087B605 /* CoreMedia.framework in Frameworks */ = {isa = PBXBuildFile; fileRef = AF7026DB19C3B55C0087B605 /* CoreMedia.framework */; };
		AF7026E319C3B6820087B605 /* AVCaptureDeviceFormat+NdnConAdditions.m in Sources */ = {isa = PBXBuildFile; fileRef = AF7026E219C3B6820087B605 /* AVCaptureDeviceFormat+NdnConAdditions.m */; };
		AF7026E719C3CCBA0087B605 /* NCVideoThreadViewController.m in Sources */ = {isa = PBXBuildFile; fileRef = AF7026E619C3CCBA0087B605 /* NCVideoThreadViewController.m */; };
		AF7026EA19C3CCF30087B605 /* NCThreadViewController.m in Sources */ = {isa = PBXBuildFile; fileRef = AF7026E919C3CCF30087B605 /* NCThreadViewController.m */; };
		AF7026EC19C3CD560087B605 /* NCVideoThreadView.xib in Resources */ = {isa = PBXBuildFile; fileRef = AF7026EB19C3CD560087B605 /* NCVideoThreadView.xib */; };
		AF744C7019E4899D00E92680 /* NCStreamViewerController.m in Sources */ = {isa = PBXBuildFile; fileRef = AF744C6F19E4899D00E92680 /* NCStreamViewerController.m */; };
		AF744C7119E5DAA300E92680 /* CoreFoundation.framework in Frameworks */ = {isa = PBXBuildFile; fileRef = AF7026DD19C3B56A0087B605 /* CoreFoundation.framework */; };
		AF744C8519E61F2900E92680 /* NSTimer+NCAdditions.m in Sources */ = {isa = PBXBuildFile; fileRef = AF744C8419E61F2900E92680 /* NSTimer+NCAdditions.m */; };
		AF744C8A19E625B300E92680 /* NCStatisticsWindowController.mm in Sources */ = {isa = PBXBuildFile; fileRef = AF744C8819E625B300E92680 /* NCStatisticsWindowController.mm */; };
		AF744C8B19E625B300E92680 /* NCStatisticsWindow.xib in Resources */ = {isa = PBXBuildFile; fileRef = AF744C8919E625B300E92680 /* NCStatisticsWindow.xib */; };
		AF744C8D19E71BEE00E92680 /* Sparkle.framework in Frameworks */ = {isa = PBXBuildFile; fileRef = AF744C8C19E71BEE00E92680 /* Sparkle.framework */; };
		AF744C8E19E71C1F00E92680 /* Sparkle.framework in CopyFiles */ = {isa = PBXBuildFile; fileRef = AF744C8C19E71BEE00E92680 /* Sparkle.framework */; settings = {ATTRIBUTES = (CodeSignOnCopy, RemoveHeadersOnCopy, ); }; };
		AF744C9019E71DDC00E92680 /* dsa_pub.pem in Resources */ = {isa = PBXBuildFile; fileRef = AF744C8F19E71DDC00E92680 /* dsa_pub.pem */; };
		AF744CBB19EC996A00E92680 /* NCChatLibraryController.mm in Sources */ = {isa = PBXBuildFile; fileRef = AF744CBA19EC996A00E92680 /* NCChatLibraryController.mm */; };
		AF744CBE19ECB0E400E92680 /* NCChatView.xib in Resources */ = {isa = PBXBuildFile; fileRef = AF744CBD19ECB0E400E92680 /* NCChatView.xib */; };
		AF744CC119ECB0FC00E92680 /* NCChatViewController.m in Sources */ = {isa = PBXBuildFile; fileRef = AF744CC019ECB0FC00E92680 /* NCChatViewController.m */; };
		AF744CC419ED8EE100E92680 /* ChatMessage.m in Sources */ = {isa = PBXBuildFile; fileRef = AF744CC319ED8EE100E92680 /* ChatMessage.m */; };
		AF744CC719ED8EE100E92680 /* ChatRoom.m in Sources */ = {isa = PBXBuildFile; fileRef = AF744CC619ED8EE100E92680 /* ChatRoom.m */; };
		AF744CCB19ED99C100E92680 /* NCDiscoveryParametersViewController.m in Sources */ = {isa = PBXBuildFile; fileRef = AF744CC919ED99C100E92680 /* NCDiscoveryParametersViewController.m */; };
		AF744CCC19ED99C100E92680 /* NCDiscoveryParametersView.xib in Resources */ = {isa = PBXBuildFile; fileRef = AF744CCA19ED99C100E92680 /* NCDiscoveryParametersView.xib */; };
		AF744CCF19EDD6B600E92680 /* MainMenu.xib in Resources */ = {isa = PBXBuildFile; fileRef = AFD978FE19BE546D0061AA24 /* MainMenu.xib */; };
		AF744CDD19EDF6C200E92680 /* libchrono-chat2013.0.dylib in Frameworks */ = {isa = PBXBuildFile; fileRef = AF744CDC19EDF6C200E92680 /* libchrono-chat2013.0.dylib */; };
		AF744CDE19EDF7C100E92680 /* libchrono-chat2013.0.dylib in CopyFiles */ = {isa = PBXBuildFile; fileRef = AF744CDC19EDF6C200E92680 /* libchrono-chat2013.0.dylib */; settings = {ATTRIBUTES = (CodeSignOnCopy, ); }; };
		AF744CE019EDF9CE00E92680 /* libndn-cpp.0.dylib in Frameworks */ = {isa = PBXBuildFile; fileRef = AF744CDF19EDF9CE00E92680 /* libndn-cpp.0.dylib */; };
		AF744CE119EDF9E100E92680 /* libndn-cpp.0.dylib in CopyFiles */ = {isa = PBXBuildFile; fileRef = AF744CDF19EDF9CE00E92680 /* libndn-cpp.0.dylib */; settings = {ATTRIBUTES = (CodeSignOnCopy, ); }; };
		AF8A136C19BF8B6100010B20 /* libndnrtc.0.dylib in Frameworks */ = {isa = PBXBuildFile; fileRef = AF8A136B19BF8B6100010B20 /* libndnrtc.0.dylib */; };
		AF8A138E19BFB7C500010B20 /* MASPreferencesWindow.xib in Resources */ = {isa = PBXBuildFile; fileRef = AF8A138719BFB7C500010B20 /* MASPreferencesWindow.xib */; };
		AF8A138F19BFB7C500010B20 /* MASPreferencesWindowController.m in Sources */ = {isa = PBXBuildFile; fileRef = AF8A138919BFB7C500010B20 /* MASPreferencesWindowController.m */; };
		AF8A139419BFB85B00010B20 /* NCGeneralPreferencesView.xib in Resources */ = {isa = PBXBuildFile; fileRef = AF8A139319BFB85B00010B20 /* NCGeneralPreferencesView.xib */; };
		AF8A139719BFB89B00010B20 /* NCGeneralPreferencesViewController.m in Sources */ = {isa = PBXBuildFile; fileRef = AF8A139619BFB89B00010B20 /* NCGeneralPreferencesViewController.m */; };
		AF8A13A219BFB8E700010B20 /* NCAdvancedPreferencesViewController.mm in Sources */ = {isa = PBXBuildFile; fileRef = AF8A13A019BFB8E700010B20 /* NCAdvancedPreferencesViewController.mm */; };
		AF8A13A319BFB8E700010B20 /* NCAdvancedPreferencesView.xib in Resources */ = {isa = PBXBuildFile; fileRef = AF8A13A119BFB8E700010B20 /* NCAdvancedPreferencesView.xib */; };
		AF8A14CE19BFD6C100010B20 /* PTNStorage.m in Sources */ = {isa = PBXBuildFile; fileRef = AF8A14CD19BFD6C100010B20 /* PTNStorage.m */; };
		AF8A14D119BFD70B00010B20 /* NCPreferencesController.mm in Sources */ = {isa = PBXBuildFile; fileRef = AF8A14D019BFD70B00010B20 /* NCPreferencesController.mm */; };
		AFA8520A19C779180015A883 /* ApplicationServices.framework in Frameworks */ = {isa = PBXBuildFile; fileRef = AFA8520919C779180015A883 /* ApplicationServices.framework */; };
		AFA8520E19C7AA250015A883 /* NSDictionary+NCAdditions.m in Sources */ = {isa = PBXBuildFile; fileRef = AFA8520D19C7AA250015A883 /* NSDictionary+NCAdditions.m */; };
		AFA8521119C7AB0C0015A883 /* NSArray+NCAdditions.m in Sources */ = {isa = PBXBuildFile; fileRef = AFA8521019C7AB0C0015A883 /* NSArray+NCAdditions.m */; };
		AFA8521419C8A6060015A883 /* NSObject+NCAdditions.m in Sources */ = {isa = PBXBuildFile; fileRef = AFA8521319C8A6060015A883 /* NSObject+NCAdditions.m */; };
		AFA8521719C8B2FF0015A883 /* NCEmbeddedScrollView.m in Sources */ = {isa = PBXBuildFile; fileRef = AFA8521619C8B2FF0015A883 /* NCEmbeddedScrollView.m */; };
		AFA8521A19C8F1E40015A883 /* NCAudioThreadView.xib in Resources */ = {isa = PBXBuildFile; fileRef = AFA8521919C8F1E40015A883 /* NCAudioThreadView.xib */; };
		AFA8521D19C8F3220015A883 /* NCAudioThreadViewController.m in Sources */ = {isa = PBXBuildFile; fileRef = AFA8521C19C8F3220015A883 /* NCAudioThreadViewController.m */; };
		AFB35BF819C9FB4E00D8A2BC /* NCMainViewController.m in Sources */ = {isa = PBXBuildFile; fileRef = AFB35BF719C9FB4E00D8A2BC /* NCMainViewController.m */; };
		AFB35BFB19C9FB6F00D8A2BC /* NCUserListViewController.mm in Sources */ = {isa = PBXBuildFile; fileRef = AFB35BFA19C9FB6F00D8A2BC /* NCUserListViewController.mm */; };
		AFB35BFF19C9FDFE00D8A2BC /* NCConversationViewController.mm in Sources */ = {isa = PBXBuildFile; fileRef = AFB35BFE19C9FDFE00D8A2BC /* NCConversationViewController.mm */; };
		AFB35C0119C9FE0F00D8A2BC /* NCConversationView.xib in Resources */ = {isa = PBXBuildFile; fileRef = AFB35C0019C9FE0F00D8A2BC /* NCConversationView.xib */; };
		AFB35C0619CA010700D8A2BC /* NCStreamBrowserController.m in Sources */ = {isa = PBXBuildFile; fileRef = AFB35C0419CA010700D8A2BC /* NCStreamBrowserController.m */; };
		AFB35C0A19CA072000D8A2BC /* NSScrollView+NCAdditions.m in Sources */ = {isa = PBXBuildFile; fileRef = AFB35C0919CA072000D8A2BC /* NSScrollView+NCAdditions.m */; };
		AFB35C0E19CA095100D8A2BC /* NCStreamPreviewController.m in Sources */ = {isa = PBXBuildFile; fileRef = AFB35C0C19CA095100D8A2BC /* NCStreamPreviewController.m */; };
		AFB35C1219CA096C00D8A2BC /* NCAudioPreviewController.m in Sources */ = {isa = PBXBuildFile; fileRef = AFB35C1119CA096C00D8A2BC /* NCAudioPreviewController.m */; };
		AFB35C1519CA099800D8A2BC /* NCVideoPreviewController.m in Sources */ = {isa = PBXBuildFile; fileRef = AFB35C1419CA099800D8A2BC /* NCVideoPreviewController.m */; };
		AFB35C1C19CA1CA400D8A2BC /* NCUserStreamsController.m in Sources */ = {isa = PBXBuildFile; fileRef = AFB35C1B19CA1CA400D8A2BC /* NCUserStreamsController.m */; };
		AFB35C2719CB6DEF00D8A2BC /* NCNdnRtcLibraryController.mm in Sources */ = {isa = PBXBuildFile; fileRef = AFB35C2619CB6DEF00D8A2BC /* NCNdnRtcLibraryController.mm */; };
		AFB8DE9519CD049B008F691B /* NCCameraCapturer.mm in Sources */ = {isa = PBXBuildFile; fileRef = AFB8DE9419CD049B008F691B /* NCCameraCapturer.mm */; };
		AFC99BD319D16E2E005B75AB /* NCCustomTextField.m in Sources */ = {isa = PBXBuildFile; fileRef = AFC99BD219D16E2E005B75AB /* NCCustomTextField.m */; };
		AFC99BD619D20489005B75AB /* User.m in Sources */ = {isa = PBXBuildFile; fileRef = AFC99BD519D20489005B75AB /* User.m */; };
		AFC99BDE19D22C01005B75AB /* NCConversationInfoView.m in Sources */ = {isa = PBXBuildFile; fileRef = AFC99BDD19D22C01005B75AB /* NCConversationInfoView.m */; };
		AFC99BE219D25E82005B75AB /* NCUserViewController.m in Sources */ = {isa = PBXBuildFile; fileRef = AFC99BE119D25E82005B75AB /* NCUserViewController.m */; };
		AFC99BE419D25E94005B75AB /* NCUserView.xib in Resources */ = {isa = PBXBuildFile; fileRef = AFC99BE319D25E94005B75AB /* NCUserView.xib */; };
		AFC99BEA19D26510005B75AB /* NCUserAudioStreamView.xib in Resources */ = {isa = PBXBuildFile; fileRef = AFC99BE619D26510005B75AB /* NCUserAudioStreamView.xib */; };
		AFC99BEB19D26510005B75AB /* NCUserAudioThreadView.xib in Resources */ = {isa = PBXBuildFile; fileRef = AFC99BE719D26510005B75AB /* NCUserAudioThreadView.xib */; };
		AFC99BEC19D26510005B75AB /* NCUserVideoStreamView.xib in Resources */ = {isa = PBXBuildFile; fileRef = AFC99BE819D26510005B75AB /* NCUserVideoStreamView.xib */; };
		AFC99BED19D26510005B75AB /* NCUserVideoThreadView.xib in Resources */ = {isa = PBXBuildFile; fileRef = AFC99BE919D26510005B75AB /* NCUserVideoThreadView.xib */; };
		AFC99BF019D29793005B75AB /* NCUserStreamViewController.m in Sources */ = {isa = PBXBuildFile; fileRef = AFC99BEF19D29793005B75AB /* NCUserStreamViewController.m */; };
		AFC99BF319D29B67005B75AB /* NSDictionary+NCNdnRtcAdditions.mm in Sources */ = {isa = PBXBuildFile; fileRef = AFC99BF219D29B67005B75AB /* NSDictionary+NCNdnRtcAdditions.mm */; };
		AFC99BF919D36D01005B75AB /* libndnrtc.0.dylib in CopyFiles */ = {isa = PBXBuildFile; fileRef = AF8A136B19BF8B6100010B20 /* libndnrtc.0.dylib */; settings = {ATTRIBUTES = (CodeSignOnCopy, ); }; };
		AFD17DF219F03EDA00C8DD6E /* NSDate+NCAdditions.m in Sources */ = {isa = PBXBuildFile; fileRef = AFD17DF119F03EDA00C8DD6E /* NSDate+NCAdditions.m */; };
		AFD978EA19BE546D0061AA24 /* Cocoa.framework in Frameworks */ = {isa = PBXBuildFile; fileRef = AFD978E919BE546D0061AA24 /* Cocoa.framework */; };
		AFD978F419BE546D0061AA24 /* InfoPlist.strings in Resources */ = {isa = PBXBuildFile; fileRef = AFD978F219BE546D0061AA24 /* InfoPlist.strings */; };
		AFD978F619BE546D0061AA24 /* main.mm in Sources */ = {isa = PBXBuildFile; fileRef = AFD978F519BE546D0061AA24 /* main.mm */; };
		AFD978FA19BE546D0061AA24 /* Credits.rtf in Resources */ = {isa = PBXBuildFile; fileRef = AFD978F819BE546D0061AA24 /* Credits.rtf */; };
		AFD978FD19BE546D0061AA24 /* AppDelegate.mm in Sources */ = {isa = PBXBuildFile; fileRef = AFD978FC19BE546D0061AA24 /* AppDelegate.mm */; };
		AFD9790319BE546D0061AA24 /* NdnCon.xcdatamodeld in Sources */ = {isa = PBXBuildFile; fileRef = AFD9790119BE546D0061AA24 /* NdnCon.xcdatamodeld */; };
		AFD9790519BE546D0061AA24 /* Images.xcassets in Resources */ = {isa = PBXBuildFile; fileRef = AFD9790419BE546D0061AA24 /* Images.xcassets */; };
		AFD9790C19BE546E0061AA24 /* XCTest.framework in Frameworks */ = {isa = PBXBuildFile; fileRef = AFD9790B19BE546E0061AA24 /* XCTest.framework */; };
		AFD9790D19BE546E0061AA24 /* Cocoa.framework in Frameworks */ = {isa = PBXBuildFile; fileRef = AFD978E919BE546D0061AA24 /* Cocoa.framework */; };
		AFD9791519BE546E0061AA24 /* InfoPlist.strings in Resources */ = {isa = PBXBuildFile; fileRef = AFD9791319BE546E0061AA24 /* InfoPlist.strings */; };
		AFD9791719BE546E0061AA24 /* NdnConTests.m in Sources */ = {isa = PBXBuildFile; fileRef = AFD9791619BE546E0061AA24 /* NdnConTests.m */; };
		AFD9792319BE5C6E0061AA24 /* ndncon.iconset in Resources */ = {isa = PBXBuildFile; fileRef = AFD9792219BE5C6E0061AA24 /* ndncon.iconset */; };
		AFFED07919D62B92000974FF /* NCActiveStreamViewer.m in Sources */ = {isa = PBXBuildFile; fileRef = AFFED07819D62B92000974FF /* NCActiveStreamViewer.m */; };
		AFFED07B19D62BA2000974FF /* NCActiveStreamView.xib in Resources */ = {isa = PBXBuildFile; fileRef = AFFED07A19D62BA2000974FF /* NCActiveStreamView.xib */; };
/* End PBXBuildFile section */

/* Begin PBXContainerItemProxy section */
		AFD9790E19BE546E0061AA24 /* PBXContainerItemProxy */ = {
			isa = PBXContainerItemProxy;
			containerPortal = AFD978DE19BE546D0061AA24 /* Project object */;
			proxyType = 1;
			remoteGlobalIDString = AFD978E519BE546D0061AA24;
			remoteInfo = NdnCon;
		};
/* End PBXContainerItemProxy section */

/* Begin PBXCopyFilesBuildPhase section */
		AFC99BF819D36CF6005B75AB /* CopyFiles */ = {
			isa = PBXCopyFilesBuildPhase;
			buildActionMask = 2147483647;
			dstPath = "";
			dstSubfolderSpec = 10;
			files = (
				AF744C8E19E71C1F00E92680 /* Sparkle.framework in CopyFiles */,
				AFC99BF919D36D01005B75AB /* libndnrtc.0.dylib in CopyFiles */,
				AF744CE119EDF9E100E92680 /* libndn-cpp.0.dylib in CopyFiles */,
				AF744CDE19EDF7C100E92680 /* libchrono-chat2013.0.dylib in CopyFiles */,
			);
			runOnlyForDeploymentPostprocessing = 0;
		};
/* End PBXCopyFilesBuildPhase section */

/* Begin PBXFileReference section */
		AF11BAFA19D4E37E0011270F /* OpenGL.framework */ = {isa = PBXFileReference; lastKnownFileType = wrapper.framework; name = OpenGL.framework; path = System/Library/Frameworks/OpenGL.framework; sourceTree = SDKROOT; };
		AF3C6FA119BE98B200FAE40B /* settings.plist */ = {isa = PBXFileReference; fileEncoding = 4; lastKnownFileType = text.plist.xml; name = settings.plist; path = ndncon/settings.plist; sourceTree = SOURCE_ROOT; };
		AF3D2CF819F708AA00A0D274 /* NSView+NCDragAndDropAbility.h */ = {isa = PBXFileReference; fileEncoding = 4; lastKnownFileType = sourcecode.c.h; name = "NSView+NCDragAndDropAbility.h"; path = "ndncon/NSView+NCDragAndDropAbility.h"; sourceTree = SOURCE_ROOT; };
		AF3D2CF919F708AA00A0D274 /* NSView+NCDragAndDropAbility.m */ = {isa = PBXFileReference; fileEncoding = 4; lastKnownFileType = sourcecode.c.objc; name = "NSView+NCDragAndDropAbility.m"; path = "ndncon/NSView+NCDragAndDropAbility.m"; sourceTree = SOURCE_ROOT; };
		AF3D2CFB19F70C9E00A0D274 /* NCDropScrollView.h */ = {isa = PBXFileReference; fileEncoding = 4; lastKnownFileType = sourcecode.c.h; name = NCDropScrollView.h; path = ndncon/NCDropScrollView.h; sourceTree = SOURCE_ROOT; };
		AF3D2CFC19F70C9E00A0D274 /* NCDropScrollView.m */ = {isa = PBXFileReference; fileEncoding = 4; lastKnownFileType = sourcecode.c.objc; name = NCDropScrollView.m; path = ndncon/NCDropScrollView.m; sourceTree = SOURCE_ROOT; };
		AF3E074319D4A86300028E26 /* NCVideoStreamRenderer.h */ = {isa = PBXFileReference; fileEncoding = 4; lastKnownFileType = sourcecode.c.h; name = NCVideoStreamRenderer.h; path = ndncon/NCVideoStreamRenderer.h; sourceTree = SOURCE_ROOT; };
		AF3E074419D4A86300028E26 /* NCVideoStreamRenderer.mm */ = {isa = PBXFileReference; fileEncoding = 4; lastKnownFileType = sourcecode.cpp.objcpp; name = NCVideoStreamRenderer.mm; path = ndncon/NCVideoStreamRenderer.mm; sourceTree = SOURCE_ROOT; };
		AF5D34A219DA1AF400227E75 /* NCGlView.h */ = {isa = PBXFileReference; fileEncoding = 4; lastKnownFileType = sourcecode.c.h; name = NCGlView.h; path = ndncon/NCGlView.h; sourceTree = SOURCE_ROOT; };
		AF5D34A319DA1AF400227E75 /* NCGlView.m */ = {isa = PBXFileReference; fileEncoding = 4; lastKnownFileType = sourcecode.c.objc; name = NCGlView.m; path = ndncon/NCGlView.m; sourceTree = SOURCE_ROOT; };
		AF5D34A519DA29C800227E75 /* NCBlockDrawableView.h */ = {isa = PBXFileReference; fileEncoding = 4; lastKnownFileType = sourcecode.c.h; name = NCBlockDrawableView.h; path = ndncon/NCBlockDrawableView.h; sourceTree = SOURCE_ROOT; };
		AF5D34A619DA29C800227E75 /* NCBlockDrawableView.m */ = {isa = PBXFileReference; fileEncoding = 4; lastKnownFileType = sourcecode.c.objc; name = NCBlockDrawableView.m; path = ndncon/NCBlockDrawableView.m; sourceTree = SOURCE_ROOT; };
		AF5D34A919DA52E400227E75 /* NCClickableView.h */ = {isa = PBXFileReference; fileEncoding = 4; lastKnownFileType = sourcecode.c.h; name = NCClickableView.h; path = ndncon/NCClickableView.h; sourceTree = SOURCE_ROOT; };
		AF5D34AA19DA52E400227E75 /* NCClickableView.m */ = {isa = PBXFileReference; fileEncoding = 4; lastKnownFileType = sourcecode.c.objc; name = NCClickableView.m; path = ndncon/NCClickableView.m; sourceTree = SOURCE_ROOT; };
		AF5D34AC19DB7B4700227E75 /* NSString+NCAdditions.h */ = {isa = PBXFileReference; fileEncoding = 4; lastKnownFileType = sourcecode.c.h; name = "NSString+NCAdditions.h"; path = "ndncon/NSString+NCAdditions.h"; sourceTree = SOURCE_ROOT; };
		AF5D34AD19DB7B4700227E75 /* NSString+NCAdditions.mm */ = {isa = PBXFileReference; fileEncoding = 4; lastKnownFileType = sourcecode.cpp.objcpp; name = "NSString+NCAdditions.mm"; path = "ndncon/NSString+NCAdditions.mm"; sourceTree = SOURCE_ROOT; };
		AF5D34B219DE227C00227E75 /* NCErrorController.h */ = {isa = PBXFileReference; fileEncoding = 4; lastKnownFileType = sourcecode.c.h; name = NCErrorController.h; path = ndncon/NCErrorController.h; sourceTree = SOURCE_ROOT; };
		AF5D34B319DE227D00227E75 /* NCErrorController.m */ = {isa = PBXFileReference; fileEncoding = 4; lastKnownFileType = sourcecode.c.objc; name = NCErrorController.m; path = ndncon/NCErrorController.m; sourceTree = SOURCE_ROOT; };
		AF5D34B619DE22EF00227E75 /* PTNSingleton.h */ = {isa = PBXFileReference; fileEncoding = 4; lastKnownFileType = sourcecode.c.h; path = PTNSingleton.h; sourceTree = "<group>"; };
		AF5D34B719DE22EF00227E75 /* PTNSingleton.m */ = {isa = PBXFileReference; fileEncoding = 4; lastKnownFileType = sourcecode.c.objc; path = PTNSingleton.m; sourceTree = "<group>"; };
		AF7026A719C11C550087B605 /* NCGeneralParametersView.xib */ = {isa = PBXFileReference; fileEncoding = 4; lastKnownFileType = file.xib; name = NCGeneralParametersView.xib; path = ndncon/NCGeneralParametersView.xib; sourceTree = SOURCE_ROOT; };
		AF7026AB19C11C8F0087B605 /* NCGeneralParametersViewController.h */ = {isa = PBXFileReference; fileEncoding = 4; lastKnownFileType = sourcecode.c.h; name = NCGeneralParametersViewController.h; path = ndncon/NCGeneralParametersViewController.h; sourceTree = SOURCE_ROOT; };
		AF7026AC19C11C8F0087B605 /* NCGeneralParametersViewController.m */ = {isa = PBXFileReference; fileEncoding = 4; lastKnownFileType = sourcecode.c.objc; name = NCGeneralParametersViewController.m; path = ndncon/NCGeneralParametersViewController.m; sourceTree = SOURCE_ROOT; };
		AF7026B419C250560087B605 /* NCStackEditorViewController.h */ = {isa = PBXFileReference; fileEncoding = 4; lastKnownFileType = sourcecode.c.h; name = NCStackEditorViewController.h; path = ndncon/NCStackEditorViewController.h; sourceTree = SOURCE_ROOT; };
		AF7026B519C250560087B605 /* NCStackEditorViewController.m */ = {isa = PBXFileReference; fileEncoding = 4; lastKnownFileType = sourcecode.c.objc; name = NCStackEditorViewController.m; path = ndncon/NCStackEditorViewController.m; sourceTree = SOURCE_ROOT; };
		AF7026B619C250560087B605 /* NCStackEditorView.xib */ = {isa = PBXFileReference; fileEncoding = 4; lastKnownFileType = file.xib; name = NCStackEditorView.xib; path = ndncon/NCStackEditorView.xib; sourceTree = SOURCE_ROOT; };
		AF7026B919C251490087B605 /* NCStackEditorEntryView.xib */ = {isa = PBXFileReference; fileEncoding = 4; lastKnownFileType = file.xib; name = NCStackEditorEntryView.xib; path = ndncon/NCStackEditorEntryView.xib; sourceTree = SOURCE_ROOT; };
		AF7026BB19C252B50087B605 /* NCStackEditorEntryViewController.h */ = {isa = PBXFileReference; fileEncoding = 4; lastKnownFileType = sourcecode.c.h; name = NCStackEditorEntryViewController.h; path = ndncon/NCStackEditorEntryViewController.h; sourceTree = SOURCE_ROOT; };
		AF7026BC19C252B50087B605 /* NCStackEditorEntryViewController.m */ = {isa = PBXFileReference; fileEncoding = 4; lastKnownFileType = sourcecode.c.objc; name = NCStackEditorEntryViewController.m; path = ndncon/NCStackEditorEntryViewController.m; sourceTree = SOURCE_ROOT; };
		AF7026C019C259AE0087B605 /* NCProducerParametersViewController.h */ = {isa = PBXFileReference; fileEncoding = 4; lastKnownFileType = sourcecode.c.h; name = NCProducerParametersViewController.h; path = ndncon/NCProducerParametersViewController.h; sourceTree = SOURCE_ROOT; };
		AF7026C119C259AE0087B605 /* NCProducerParametersViewController.m */ = {isa = PBXFileReference; fileEncoding = 4; lastKnownFileType = sourcecode.c.objc; name = NCProducerParametersViewController.m; path = ndncon/NCProducerParametersViewController.m; sourceTree = SOURCE_ROOT; };
		AF7026C219C259AE0087B605 /* NCProducerParametersView.xib */ = {isa = PBXFileReference; fileEncoding = 4; lastKnownFileType = file.xib; name = NCProducerParametersView.xib; path = ndncon/NCProducerParametersView.xib; sourceTree = SOURCE_ROOT; };
		AF7026C619C279A80087B605 /* NCVideoStreamViewController.h */ = {isa = PBXFileReference; fileEncoding = 4; lastKnownFileType = sourcecode.c.h; name = NCVideoStreamViewController.h; path = ndncon/NCVideoStreamViewController.h; sourceTree = SOURCE_ROOT; };
		AF7026C719C279A80087B605 /* NCVideoStreamViewController.m */ = {isa = PBXFileReference; fileEncoding = 4; lastKnownFileType = sourcecode.c.objc; name = NCVideoStreamViewController.m; path = ndncon/NCVideoStreamViewController.m; sourceTree = SOURCE_ROOT; };
		AF7026C819C279A80087B605 /* NCVideoStreamView.xib */ = {isa = PBXFileReference; fileEncoding = 4; lastKnownFileType = file.xib; name = NCVideoStreamView.xib; path = ndncon/NCVideoStreamView.xib; sourceTree = SOURCE_ROOT; };
		AF7026CB19C2B3940087B605 /* NCEditorEntryView.h */ = {isa = PBXFileReference; fileEncoding = 4; lastKnownFileType = sourcecode.c.h; name = NCEditorEntryView.h; path = ndncon/NCEditorEntryView.h; sourceTree = SOURCE_ROOT; };
		AF7026CC19C2B3940087B605 /* NCEditorEntryView.m */ = {isa = PBXFileReference; fileEncoding = 4; lastKnownFileType = sourcecode.c.objc; name = NCEditorEntryView.m; path = ndncon/NCEditorEntryView.m; sourceTree = SOURCE_ROOT; };
		AF7026CE19C36FA00087B605 /* NCStreamEditorViewController.h */ = {isa = PBXFileReference; fileEncoding = 4; lastKnownFileType = sourcecode.c.h; name = NCStreamEditorViewController.h; path = ndncon/NCStreamEditorViewController.h; sourceTree = SOURCE_ROOT; };
		AF7026CF19C36FA00087B605 /* NCStreamEditorViewController.m */ = {isa = PBXFileReference; fileEncoding = 4; lastKnownFileType = sourcecode.c.objc; name = NCStreamEditorViewController.m; path = ndncon/NCStreamEditorViewController.m; sourceTree = SOURCE_ROOT; };
		AF7026D119C391B60087B605 /* NCStreamViewController.h */ = {isa = PBXFileReference; fileEncoding = 4; lastKnownFileType = sourcecode.c.h; name = NCStreamViewController.h; path = ndncon/NCStreamViewController.h; sourceTree = SOURCE_ROOT; };
		AF7026D219C391B60087B605 /* NCStreamViewController.m */ = {isa = PBXFileReference; fileEncoding = 4; lastKnownFileType = sourcecode.c.objc; name = NCStreamViewController.m; path = ndncon/NCStreamViewController.m; sourceTree = SOURCE_ROOT; };
		AF7026D419C392E80087B605 /* NCAudioStreamViewController.h */ = {isa = PBXFileReference; fileEncoding = 4; lastKnownFileType = sourcecode.c.h; name = NCAudioStreamViewController.h; path = ndncon/NCAudioStreamViewController.h; sourceTree = SOURCE_ROOT; };
		AF7026D519C392E80087B605 /* NCAudioStreamViewController.m */ = {isa = PBXFileReference; fileEncoding = 4; lastKnownFileType = sourcecode.c.objc; name = NCAudioStreamViewController.m; path = ndncon/NCAudioStreamViewController.m; sourceTree = SOURCE_ROOT; };
		AF7026D619C392E80087B605 /* NCAudioStreamView.xib */ = {isa = PBXFileReference; fileEncoding = 4; lastKnownFileType = file.xib; name = NCAudioStreamView.xib; path = ndncon/NCAudioStreamView.xib; sourceTree = SOURCE_ROOT; };
		AF7026D919C3B5530087B605 /* AVFoundation.framework */ = {isa = PBXFileReference; lastKnownFileType = wrapper.framework; name = AVFoundation.framework; path = System/Library/Frameworks/AVFoundation.framework; sourceTree = SDKROOT; };
		AF7026DB19C3B55C0087B605 /* CoreMedia.framework */ = {isa = PBXFileReference; lastKnownFileType = wrapper.framework; name = CoreMedia.framework; path = System/Library/Frameworks/CoreMedia.framework; sourceTree = SDKROOT; };
		AF7026DD19C3B56A0087B605 /* CoreFoundation.framework */ = {isa = PBXFileReference; lastKnownFileType = wrapper.framework; name = CoreFoundation.framework; path = System/Library/Frameworks/CoreFoundation.framework; sourceTree = SDKROOT; };
		AF7026DF19C3B6280087B605 /* CoreVideo.framework */ = {isa = PBXFileReference; lastKnownFileType = wrapper.framework; name = CoreVideo.framework; path = System/Library/Frameworks/CoreVideo.framework; sourceTree = SDKROOT; };
		AF7026E119C3B6820087B605 /* AVCaptureDeviceFormat+NdnConAdditions.h */ = {isa = PBXFileReference; fileEncoding = 4; lastKnownFileType = sourcecode.c.h; name = "AVCaptureDeviceFormat+NdnConAdditions.h"; path = "ndncon/AVCaptureDeviceFormat+NdnConAdditions.h"; sourceTree = SOURCE_ROOT; };
		AF7026E219C3B6820087B605 /* AVCaptureDeviceFormat+NdnConAdditions.m */ = {isa = PBXFileReference; fileEncoding = 4; lastKnownFileType = sourcecode.c.objc; name = "AVCaptureDeviceFormat+NdnConAdditions.m"; path = "ndncon/AVCaptureDeviceFormat+NdnConAdditions.m"; sourceTree = SOURCE_ROOT; };
		AF7026E519C3CCBA0087B605 /* NCVideoThreadViewController.h */ = {isa = PBXFileReference; fileEncoding = 4; lastKnownFileType = sourcecode.c.h; name = NCVideoThreadViewController.h; path = ndncon/NCVideoThreadViewController.h; sourceTree = SOURCE_ROOT; };
		AF7026E619C3CCBA0087B605 /* NCVideoThreadViewController.m */ = {isa = PBXFileReference; fileEncoding = 4; lastKnownFileType = sourcecode.c.objc; name = NCVideoThreadViewController.m; path = ndncon/NCVideoThreadViewController.m; sourceTree = SOURCE_ROOT; };
		AF7026E819C3CCF30087B605 /* NCThreadViewController.h */ = {isa = PBXFileReference; fileEncoding = 4; lastKnownFileType = sourcecode.c.h; name = NCThreadViewController.h; path = ndncon/NCThreadViewController.h; sourceTree = SOURCE_ROOT; };
		AF7026E919C3CCF30087B605 /* NCThreadViewController.m */ = {isa = PBXFileReference; fileEncoding = 4; lastKnownFileType = sourcecode.c.objc; name = NCThreadViewController.m; path = ndncon/NCThreadViewController.m; sourceTree = SOURCE_ROOT; };
		AF7026EB19C3CD560087B605 /* NCVideoThreadView.xib */ = {isa = PBXFileReference; fileEncoding = 4; lastKnownFileType = file.xib; name = NCVideoThreadView.xib; path = ndncon/NCVideoThreadView.xib; sourceTree = SOURCE_ROOT; };
		AF744C6E19E4899D00E92680 /* NCStreamViewerController.h */ = {isa = PBXFileReference; fileEncoding = 4; lastKnownFileType = sourcecode.c.h; name = NCStreamViewerController.h; path = ndncon/NCStreamViewerController.h; sourceTree = SOURCE_ROOT; };
		AF744C6F19E4899D00E92680 /* NCStreamViewerController.m */ = {isa = PBXFileReference; fileEncoding = 4; lastKnownFileType = sourcecode.c.objc; name = NCStreamViewerController.m; path = ndncon/NCStreamViewerController.m; sourceTree = SOURCE_ROOT; };
		AF744C8319E61F2900E92680 /* NSTimer+NCAdditions.h */ = {isa = PBXFileReference; fileEncoding = 4; lastKnownFileType = sourcecode.c.h; path = "NSTimer+NCAdditions.h"; sourceTree = "<group>"; };
		AF744C8419E61F2900E92680 /* NSTimer+NCAdditions.m */ = {isa = PBXFileReference; fileEncoding = 4; lastKnownFileType = sourcecode.c.objc; path = "NSTimer+NCAdditions.m"; sourceTree = "<group>"; };
		AF744C8719E625B300E92680 /* NCStatisticsWindowController.h */ = {isa = PBXFileReference; fileEncoding = 4; lastKnownFileType = sourcecode.c.h; name = NCStatisticsWindowController.h; path = ndncon/NCStatisticsWindowController.h; sourceTree = SOURCE_ROOT; };
		AF744C8819E625B300E92680 /* NCStatisticsWindowController.mm */ = {isa = PBXFileReference; fileEncoding = 4; lastKnownFileType = sourcecode.cpp.objcpp; name = NCStatisticsWindowController.mm; path = ndncon/NCStatisticsWindowController.mm; sourceTree = SOURCE_ROOT; };
		AF744C8919E625B300E92680 /* NCStatisticsWindow.xib */ = {isa = PBXFileReference; fileEncoding = 4; lastKnownFileType = file.xib; name = NCStatisticsWindow.xib; path = ndncon/NCStatisticsWindow.xib; sourceTree = SOURCE_ROOT; };
		AF744C8C19E71BEE00E92680 /* Sparkle.framework */ = {isa = PBXFileReference; lastKnownFileType = wrapper.framework; name = Sparkle.framework; path = thirdparty/sparkle/Sparkle.framework; sourceTree = "<group>"; };
		AF744C8F19E71DDC00E92680 /* dsa_pub.pem */ = {isa = PBXFileReference; fileEncoding = 4; lastKnownFileType = text; path = dsa_pub.pem; sourceTree = "<group>"; };
		AF744C9119E71EC900E92680 /* Appcast.xml */ = {isa = PBXFileReference; fileEncoding = 4; lastKnownFileType = text.xml; name = Appcast.xml; path = ../releases/Appcast.xml; sourceTree = "<group>"; };
		AF744CB919EC996A00E92680 /* NCChatLibraryController.h */ = {isa = PBXFileReference; fileEncoding = 4; lastKnownFileType = sourcecode.c.h; name = NCChatLibraryController.h; path = ndncon/NCChatLibraryController.h; sourceTree = SOURCE_ROOT; };
		AF744CBA19EC996A00E92680 /* NCChatLibraryController.mm */ = {isa = PBXFileReference; fileEncoding = 4; lastKnownFileType = sourcecode.cpp.objcpp; name = NCChatLibraryController.mm; path = ndncon/NCChatLibraryController.mm; sourceTree = SOURCE_ROOT; };
		AF744CBC19ECAD6C00E92680 /* NdnCon v0.2.0.xcdatamodel */ = {isa = PBXFileReference; lastKnownFileType = wrapper.xcdatamodel; path = "NdnCon v0.2.0.xcdatamodel"; sourceTree = "<group>"; };
		AF744CBD19ECB0E400E92680 /* NCChatView.xib */ = {isa = PBXFileReference; fileEncoding = 4; lastKnownFileType = file.xib; name = NCChatView.xib; path = ndncon/NCChatView.xib; sourceTree = SOURCE_ROOT; };
		AF744CBF19ECB0FC00E92680 /* NCChatViewController.h */ = {isa = PBXFileReference; fileEncoding = 4; lastKnownFileType = sourcecode.c.h; name = NCChatViewController.h; path = ndncon/NCChatViewController.h; sourceTree = SOURCE_ROOT; };
		AF744CC019ECB0FC00E92680 /* NCChatViewController.m */ = {isa = PBXFileReference; fileEncoding = 4; lastKnownFileType = sourcecode.c.objc; name = NCChatViewController.m; path = ndncon/NCChatViewController.m; sourceTree = SOURCE_ROOT; };
		AF744CC219ED8EE100E92680 /* ChatMessage.h */ = {isa = PBXFileReference; fileEncoding = 4; lastKnownFileType = sourcecode.c.h; name = ChatMessage.h; path = ndncon/ChatMessage.h; sourceTree = SOURCE_ROOT; };
		AF744CC319ED8EE100E92680 /* ChatMessage.m */ = {isa = PBXFileReference; fileEncoding = 4; lastKnownFileType = sourcecode.c.objc; name = ChatMessage.m; path = ndncon/ChatMessage.m; sourceTree = SOURCE_ROOT; };
		AF744CC519ED8EE100E92680 /* ChatRoom.h */ = {isa = PBXFileReference; fileEncoding = 4; lastKnownFileType = sourcecode.c.h; name = ChatRoom.h; path = ndncon/ChatRoom.h; sourceTree = SOURCE_ROOT; };
		AF744CC619ED8EE100E92680 /* ChatRoom.m */ = {isa = PBXFileReference; fileEncoding = 4; lastKnownFileType = sourcecode.c.objc; name = ChatRoom.m; path = ndncon/ChatRoom.m; sourceTree = SOURCE_ROOT; };
		AF744CC819ED99C100E92680 /* NCDiscoveryParametersViewController.h */ = {isa = PBXFileReference; fileEncoding = 4; lastKnownFileType = sourcecode.c.h; name = NCDiscoveryParametersViewController.h; path = ndncon/NCDiscoveryParametersViewController.h; sourceTree = SOURCE_ROOT; };
		AF744CC919ED99C100E92680 /* NCDiscoveryParametersViewController.m */ = {isa = PBXFileReference; fileEncoding = 4; lastKnownFileType = sourcecode.c.objc; name = NCDiscoveryParametersViewController.m; path = ndncon/NCDiscoveryParametersViewController.m; sourceTree = SOURCE_ROOT; };
		AF744CCA19ED99C100E92680 /* NCDiscoveryParametersView.xib */ = {isa = PBXFileReference; fileEncoding = 4; lastKnownFileType = file.xib; name = NCDiscoveryParametersView.xib; path = ndncon/NCDiscoveryParametersView.xib; sourceTree = SOURCE_ROOT; };
		AF744CDC19EDF6C200E92680 /* libchrono-chat2013.0.dylib */ = {isa = PBXFileReference; lastKnownFileType = "compiled.mach-o.dylib"; name = "libchrono-chat2013.0.dylib"; path = "../ndnrtc-thirdparty/conference-discovery-fork/build/lib/libchrono-chat2013.0.dylib"; sourceTree = "<group>"; };
		AF744CDF19EDF9CE00E92680 /* libndn-cpp.0.dylib */ = {isa = PBXFileReference; lastKnownFileType = "compiled.mach-o.dylib"; name = "libndn-cpp.0.dylib"; path = "../ndnrtc-thirdparty/ndn-cpp/build/lib/libndn-cpp.0.dylib"; sourceTree = "<group>"; };
		AF8A136B19BF8B6100010B20 /* libndnrtc.0.dylib */ = {isa = PBXFileReference; lastKnownFileType = "compiled.mach-o.dylib"; name = libndnrtc.0.dylib; path = ../ndnrtc/cpp/debug/bin/lib/libndnrtc.0.dylib; sourceTree = "<group>"; };
		AF8A138619BFB7C500010B20 /* MASPreferencesViewController.h */ = {isa = PBXFileReference; fileEncoding = 4; lastKnownFileType = sourcecode.c.h; path = MASPreferencesViewController.h; sourceTree = "<group>"; };
		AF8A138719BFB7C500010B20 /* MASPreferencesWindow.xib */ = {isa = PBXFileReference; fileEncoding = 4; lastKnownFileType = file.xib; path = MASPreferencesWindow.xib; sourceTree = "<group>"; };
		AF8A138819BFB7C500010B20 /* MASPreferencesWindowController.h */ = {isa = PBXFileReference; fileEncoding = 4; lastKnownFileType = sourcecode.c.h; path = MASPreferencesWindowController.h; sourceTree = "<group>"; };
		AF8A138919BFB7C500010B20 /* MASPreferencesWindowController.m */ = {isa = PBXFileReference; fileEncoding = 4; lastKnownFileType = sourcecode.c.objc; path = MASPreferencesWindowController.m; sourceTree = "<group>"; };
		AF8A139319BFB85B00010B20 /* NCGeneralPreferencesView.xib */ = {isa = PBXFileReference; fileEncoding = 4; lastKnownFileType = file.xib; name = NCGeneralPreferencesView.xib; path = ndncon/NCGeneralPreferencesView.xib; sourceTree = SOURCE_ROOT; };
		AF8A139519BFB89B00010B20 /* NCGeneralPreferencesViewController.h */ = {isa = PBXFileReference; fileEncoding = 4; lastKnownFileType = sourcecode.c.h; name = NCGeneralPreferencesViewController.h; path = ndncon/NCGeneralPreferencesViewController.h; sourceTree = SOURCE_ROOT; };
		AF8A139619BFB89B00010B20 /* NCGeneralPreferencesViewController.m */ = {isa = PBXFileReference; fileEncoding = 4; lastKnownFileType = sourcecode.c.objc; name = NCGeneralPreferencesViewController.m; path = ndncon/NCGeneralPreferencesViewController.m; sourceTree = SOURCE_ROOT; };
		AF8A139F19BFB8E700010B20 /* NCAdvancedPreferencesViewController.h */ = {isa = PBXFileReference; fileEncoding = 4; lastKnownFileType = sourcecode.c.h; name = NCAdvancedPreferencesViewController.h; path = ndncon/NCAdvancedPreferencesViewController.h; sourceTree = SOURCE_ROOT; };
		AF8A13A019BFB8E700010B20 /* NCAdvancedPreferencesViewController.mm */ = {isa = PBXFileReference; fileEncoding = 4; lastKnownFileType = sourcecode.cpp.objcpp; name = NCAdvancedPreferencesViewController.mm; path = ndncon/NCAdvancedPreferencesViewController.mm; sourceTree = SOURCE_ROOT; };
		AF8A13A119BFB8E700010B20 /* NCAdvancedPreferencesView.xib */ = {isa = PBXFileReference; fileEncoding = 4; lastKnownFileType = file.xib; name = NCAdvancedPreferencesView.xib; path = ndncon/NCAdvancedPreferencesView.xib; sourceTree = SOURCE_ROOT; };
		AF8A14CC19BFD6C100010B20 /* PTNStorage.h */ = {isa = PBXFileReference; fileEncoding = 4; lastKnownFileType = sourcecode.c.h; path = PTNStorage.h; sourceTree = "<group>"; };
		AF8A14CD19BFD6C100010B20 /* PTNStorage.m */ = {isa = PBXFileReference; fileEncoding = 4; lastKnownFileType = sourcecode.c.objc; path = PTNStorage.m; sourceTree = "<group>"; };
		AF8A14CF19BFD70B00010B20 /* NCPreferencesController.h */ = {isa = PBXFileReference; fileEncoding = 4; lastKnownFileType = sourcecode.c.h; name = NCPreferencesController.h; path = ndncon/NCPreferencesController.h; sourceTree = SOURCE_ROOT; };
		AF8A14D019BFD70B00010B20 /* NCPreferencesController.mm */ = {isa = PBXFileReference; fileEncoding = 4; lastKnownFileType = sourcecode.cpp.objcpp; name = NCPreferencesController.mm; path = ndncon/NCPreferencesController.mm; sourceTree = SOURCE_ROOT; };
		AFA8520719C778E50015A883 /* Quartz.framework */ = {isa = PBXFileReference; lastKnownFileType = wrapper.framework; name = Quartz.framework; path = System/Library/Frameworks/Quartz.framework; sourceTree = SDKROOT; };
		AFA8520919C779180015A883 /* ApplicationServices.framework */ = {isa = PBXFileReference; lastKnownFileType = wrapper.framework; name = ApplicationServices.framework; path = System/Library/Frameworks/ApplicationServices.framework; sourceTree = SDKROOT; };
		AFA8520C19C7AA250015A883 /* NSDictionary+NCAdditions.h */ = {isa = PBXFileReference; fileEncoding = 4; lastKnownFileType = sourcecode.c.h; name = "NSDictionary+NCAdditions.h"; path = "ndncon/NSDictionary+NCAdditions.h"; sourceTree = SOURCE_ROOT; };
		AFA8520D19C7AA250015A883 /* NSDictionary+NCAdditions.m */ = {isa = PBXFileReference; fileEncoding = 4; lastKnownFileType = sourcecode.c.objc; name = "NSDictionary+NCAdditions.m"; path = "ndncon/NSDictionary+NCAdditions.m"; sourceTree = SOURCE_ROOT; };
		AFA8520F19C7AB0C0015A883 /* NSArray+NCAdditions.h */ = {isa = PBXFileReference; fileEncoding = 4; lastKnownFileType = sourcecode.c.h; name = "NSArray+NCAdditions.h"; path = "ndncon/NSArray+NCAdditions.h"; sourceTree = SOURCE_ROOT; };
		AFA8521019C7AB0C0015A883 /* NSArray+NCAdditions.m */ = {isa = PBXFileReference; fileEncoding = 4; lastKnownFileType = sourcecode.c.objc; name = "NSArray+NCAdditions.m"; path = "ndncon/NSArray+NCAdditions.m"; sourceTree = SOURCE_ROOT; };
		AFA8521219C8A6060015A883 /* NSObject+NCAdditions.h */ = {isa = PBXFileReference; fileEncoding = 4; lastKnownFileType = sourcecode.c.h; name = "NSObject+NCAdditions.h"; path = "ndncon/NSObject+NCAdditions.h"; sourceTree = SOURCE_ROOT; };
		AFA8521319C8A6060015A883 /* NSObject+NCAdditions.m */ = {isa = PBXFileReference; fileEncoding = 4; lastKnownFileType = sourcecode.c.objc; name = "NSObject+NCAdditions.m"; path = "ndncon/NSObject+NCAdditions.m"; sourceTree = SOURCE_ROOT; };
		AFA8521519C8B2FF0015A883 /* NCEmbeddedScrollView.h */ = {isa = PBXFileReference; fileEncoding = 4; lastKnownFileType = sourcecode.c.h; name = NCEmbeddedScrollView.h; path = ndncon/NCEmbeddedScrollView.h; sourceTree = SOURCE_ROOT; };
		AFA8521619C8B2FF0015A883 /* NCEmbeddedScrollView.m */ = {isa = PBXFileReference; fileEncoding = 4; lastKnownFileType = sourcecode.c.objc; name = NCEmbeddedScrollView.m; path = ndncon/NCEmbeddedScrollView.m; sourceTree = SOURCE_ROOT; };
		AFA8521819C8B3880015A883 /* NCConfigurationObserver.h */ = {isa = PBXFileReference; lastKnownFileType = sourcecode.c.h; name = NCConfigurationObserver.h; path = ndncon/NCConfigurationObserver.h; sourceTree = SOURCE_ROOT; };
		AFA8521919C8F1E40015A883 /* NCAudioThreadView.xib */ = {isa = PBXFileReference; fileEncoding = 4; lastKnownFileType = file.xib; name = NCAudioThreadView.xib; path = ndncon/NCAudioThreadView.xib; sourceTree = SOURCE_ROOT; };
		AFA8521B19C8F3220015A883 /* NCAudioThreadViewController.h */ = {isa = PBXFileReference; fileEncoding = 4; lastKnownFileType = sourcecode.c.h; name = NCAudioThreadViewController.h; path = ndncon/NCAudioThreadViewController.h; sourceTree = SOURCE_ROOT; };
		AFA8521C19C8F3220015A883 /* NCAudioThreadViewController.m */ = {isa = PBXFileReference; fileEncoding = 4; lastKnownFileType = sourcecode.c.objc; name = NCAudioThreadViewController.m; path = ndncon/NCAudioThreadViewController.m; sourceTree = SOURCE_ROOT; };
		AFB35BF619C9FB4E00D8A2BC /* NCMainViewController.h */ = {isa = PBXFileReference; fileEncoding = 4; lastKnownFileType = sourcecode.c.h; name = NCMainViewController.h; path = ndncon/NCMainViewController.h; sourceTree = SOURCE_ROOT; };
		AFB35BF719C9FB4E00D8A2BC /* NCMainViewController.m */ = {isa = PBXFileReference; fileEncoding = 4; lastKnownFileType = sourcecode.c.objc; name = NCMainViewController.m; path = ndncon/NCMainViewController.m; sourceTree = SOURCE_ROOT; };
		AFB35BF919C9FB6F00D8A2BC /* NCUserListViewController.h */ = {isa = PBXFileReference; fileEncoding = 4; lastKnownFileType = sourcecode.c.h; name = NCUserListViewController.h; path = ndncon/NCUserListViewController.h; sourceTree = SOURCE_ROOT; };
		AFB35BFA19C9FB6F00D8A2BC /* NCUserListViewController.mm */ = {isa = PBXFileReference; fileEncoding = 4; lastKnownFileType = sourcecode.cpp.objcpp; name = NCUserListViewController.mm; path = ndncon/NCUserListViewController.mm; sourceTree = SOURCE_ROOT; };
		AFB35BFD19C9FDFE00D8A2BC /* NCConversationViewController.h */ = {isa = PBXFileReference; fileEncoding = 4; lastKnownFileType = sourcecode.c.h; name = NCConversationViewController.h; path = ndncon/NCConversationViewController.h; sourceTree = SOURCE_ROOT; };
		AFB35BFE19C9FDFE00D8A2BC /* NCConversationViewController.mm */ = {isa = PBXFileReference; fileEncoding = 4; lastKnownFileType = sourcecode.cpp.objcpp; name = NCConversationViewController.mm; path = ndncon/NCConversationViewController.mm; sourceTree = SOURCE_ROOT; };
		AFB35C0019C9FE0F00D8A2BC /* NCConversationView.xib */ = {isa = PBXFileReference; fileEncoding = 4; lastKnownFileType = file.xib; name = NCConversationView.xib; path = ndncon/NCConversationView.xib; sourceTree = SOURCE_ROOT; };
		AFB35C0319CA010700D8A2BC /* NCStreamBrowserController.h */ = {isa = PBXFileReference; fileEncoding = 4; lastKnownFileType = sourcecode.c.h; name = NCStreamBrowserController.h; path = ndncon/NCStreamBrowserController.h; sourceTree = SOURCE_ROOT; };
		AFB35C0419CA010700D8A2BC /* NCStreamBrowserController.m */ = {isa = PBXFileReference; fileEncoding = 4; lastKnownFileType = sourcecode.c.objc; name = NCStreamBrowserController.m; path = ndncon/NCStreamBrowserController.m; sourceTree = SOURCE_ROOT; };
		AFB35C0819CA072000D8A2BC /* NSScrollView+NCAdditions.h */ = {isa = PBXFileReference; fileEncoding = 4; lastKnownFileType = sourcecode.c.h; name = "NSScrollView+NCAdditions.h"; path = "ndncon/NSScrollView+NCAdditions.h"; sourceTree = SOURCE_ROOT; };
		AFB35C0919CA072000D8A2BC /* NSScrollView+NCAdditions.m */ = {isa = PBXFileReference; fileEncoding = 4; lastKnownFileType = sourcecode.c.objc; name = "NSScrollView+NCAdditions.m"; path = "ndncon/NSScrollView+NCAdditions.m"; sourceTree = SOURCE_ROOT; };
		AFB35C0B19CA095100D8A2BC /* NCStreamPreviewController.h */ = {isa = PBXFileReference; fileEncoding = 4; lastKnownFileType = sourcecode.c.h; name = NCStreamPreviewController.h; path = ndncon/NCStreamPreviewController.h; sourceTree = SOURCE_ROOT; };
		AFB35C0C19CA095100D8A2BC /* NCStreamPreviewController.m */ = {isa = PBXFileReference; fileEncoding = 4; lastKnownFileType = sourcecode.c.objc; name = NCStreamPreviewController.m; path = ndncon/NCStreamPreviewController.m; sourceTree = SOURCE_ROOT; };
		AFB35C1019CA096C00D8A2BC /* NCAudioPreviewController.h */ = {isa = PBXFileReference; fileEncoding = 4; lastKnownFileType = sourcecode.c.h; name = NCAudioPreviewController.h; path = ndncon/NCAudioPreviewController.h; sourceTree = SOURCE_ROOT; };
		AFB35C1119CA096C00D8A2BC /* NCAudioPreviewController.m */ = {isa = PBXFileReference; fileEncoding = 4; lastKnownFileType = sourcecode.c.objc; name = NCAudioPreviewController.m; path = ndncon/NCAudioPreviewController.m; sourceTree = SOURCE_ROOT; };
		AFB35C1319CA099800D8A2BC /* NCVideoPreviewController.h */ = {isa = PBXFileReference; fileEncoding = 4; lastKnownFileType = sourcecode.c.h; name = NCVideoPreviewController.h; path = ndncon/NCVideoPreviewController.h; sourceTree = SOURCE_ROOT; };
		AFB35C1419CA099800D8A2BC /* NCVideoPreviewController.m */ = {isa = PBXFileReference; fileEncoding = 4; lastKnownFileType = sourcecode.c.objc; name = NCVideoPreviewController.m; path = ndncon/NCVideoPreviewController.m; sourceTree = SOURCE_ROOT; };
		AFB35C1A19CA1CA400D8A2BC /* NCUserStreamsController.h */ = {isa = PBXFileReference; fileEncoding = 4; lastKnownFileType = sourcecode.c.h; name = NCUserStreamsController.h; path = ndncon/NCUserStreamsController.h; sourceTree = SOURCE_ROOT; };
		AFB35C1B19CA1CA400D8A2BC /* NCUserStreamsController.m */ = {isa = PBXFileReference; fileEncoding = 4; lastKnownFileType = sourcecode.c.objc; name = NCUserStreamsController.m; path = ndncon/NCUserStreamsController.m; sourceTree = SOURCE_ROOT; };
		AFB35C2519CB6DEF00D8A2BC /* NCNdnRtcLibraryController.h */ = {isa = PBXFileReference; fileEncoding = 4; lastKnownFileType = sourcecode.c.h; name = NCNdnRtcLibraryController.h; path = ndncon/NCNdnRtcLibraryController.h; sourceTree = SOURCE_ROOT; };
		AFB35C2619CB6DEF00D8A2BC /* NCNdnRtcLibraryController.mm */ = {isa = PBXFileReference; fileEncoding = 4; lastKnownFileType = sourcecode.cpp.objcpp; name = NCNdnRtcLibraryController.mm; path = ndncon/NCNdnRtcLibraryController.mm; sourceTree = SOURCE_ROOT; };
		AFB8DE9319CD049B008F691B /* NCCameraCapturer.h */ = {isa = PBXFileReference; fileEncoding = 4; lastKnownFileType = sourcecode.c.h; name = NCCameraCapturer.h; path = ndncon/NCCameraCapturer.h; sourceTree = SOURCE_ROOT; };
		AFB8DE9419CD049B008F691B /* NCCameraCapturer.mm */ = {isa = PBXFileReference; fileEncoding = 4; lastKnownFileType = sourcecode.cpp.objcpp; name = NCCameraCapturer.mm; path = ndncon/NCCameraCapturer.mm; sourceTree = SOURCE_ROOT; };
		AFC99BD119D16E2E005B75AB /* NCCustomTextField.h */ = {isa = PBXFileReference; fileEncoding = 4; lastKnownFileType = sourcecode.c.h; name = NCCustomTextField.h; path = ndncon/NCCustomTextField.h; sourceTree = SOURCE_ROOT; };
		AFC99BD219D16E2E005B75AB /* NCCustomTextField.m */ = {isa = PBXFileReference; fileEncoding = 4; lastKnownFileType = sourcecode.c.objc; name = NCCustomTextField.m; path = ndncon/NCCustomTextField.m; sourceTree = SOURCE_ROOT; };
		AFC99BD419D20489005B75AB /* User.h */ = {isa = PBXFileReference; fileEncoding = 4; lastKnownFileType = sourcecode.c.h; name = User.h; path = ndncon/User.h; sourceTree = SOURCE_ROOT; };
		AFC99BD519D20489005B75AB /* User.m */ = {isa = PBXFileReference; fileEncoding = 4; lastKnownFileType = sourcecode.c.objc; name = User.m; path = ndncon/User.m; sourceTree = SOURCE_ROOT; };
		AFC99BDC19D22C01005B75AB /* NCConversationInfoView.h */ = {isa = PBXFileReference; fileEncoding = 4; lastKnownFileType = sourcecode.c.h; name = NCConversationInfoView.h; path = ndncon/NCConversationInfoView.h; sourceTree = SOURCE_ROOT; };
		AFC99BDD19D22C01005B75AB /* NCConversationInfoView.m */ = {isa = PBXFileReference; fileEncoding = 4; lastKnownFileType = sourcecode.c.objc; name = NCConversationInfoView.m; path = ndncon/NCConversationInfoView.m; sourceTree = SOURCE_ROOT; };
		AFC99BE019D25E82005B75AB /* NCUserViewController.h */ = {isa = PBXFileReference; fileEncoding = 4; lastKnownFileType = sourcecode.c.h; name = NCUserViewController.h; path = ndncon/NCUserViewController.h; sourceTree = SOURCE_ROOT; };
		AFC99BE119D25E82005B75AB /* NCUserViewController.m */ = {isa = PBXFileReference; fileEncoding = 4; lastKnownFileType = sourcecode.c.objc; name = NCUserViewController.m; path = ndncon/NCUserViewController.m; sourceTree = SOURCE_ROOT; };
		AFC99BE319D25E94005B75AB /* NCUserView.xib */ = {isa = PBXFileReference; fileEncoding = 4; lastKnownFileType = file.xib; name = NCUserView.xib; path = ndncon/NCUserView.xib; sourceTree = SOURCE_ROOT; };
		AFC99BE619D26510005B75AB /* NCUserAudioStreamView.xib */ = {isa = PBXFileReference; fileEncoding = 4; lastKnownFileType = file.xib; name = NCUserAudioStreamView.xib; path = ndncon/NCUserAudioStreamView.xib; sourceTree = SOURCE_ROOT; };
		AFC99BE719D26510005B75AB /* NCUserAudioThreadView.xib */ = {isa = PBXFileReference; fileEncoding = 4; lastKnownFileType = file.xib; name = NCUserAudioThreadView.xib; path = ndncon/NCUserAudioThreadView.xib; sourceTree = SOURCE_ROOT; };
		AFC99BE819D26510005B75AB /* NCUserVideoStreamView.xib */ = {isa = PBXFileReference; fileEncoding = 4; lastKnownFileType = file.xib; name = NCUserVideoStreamView.xib; path = ndncon/NCUserVideoStreamView.xib; sourceTree = SOURCE_ROOT; };
		AFC99BE919D26510005B75AB /* NCUserVideoThreadView.xib */ = {isa = PBXFileReference; fileEncoding = 4; lastKnownFileType = file.xib; name = NCUserVideoThreadView.xib; path = ndncon/NCUserVideoThreadView.xib; sourceTree = SOURCE_ROOT; };
		AFC99BEE19D29793005B75AB /* NCUserStreamViewController.h */ = {isa = PBXFileReference; fileEncoding = 4; lastKnownFileType = sourcecode.c.h; name = NCUserStreamViewController.h; path = ndncon/NCUserStreamViewController.h; sourceTree = SOURCE_ROOT; };
		AFC99BEF19D29793005B75AB /* NCUserStreamViewController.m */ = {isa = PBXFileReference; fileEncoding = 4; lastKnownFileType = sourcecode.c.objc; name = NCUserStreamViewController.m; path = ndncon/NCUserStreamViewController.m; sourceTree = SOURCE_ROOT; };
		AFC99BF119D29B67005B75AB /* NSDictionary+NCNdnRtcAdditions.h */ = {isa = PBXFileReference; fileEncoding = 4; lastKnownFileType = sourcecode.c.h; name = "NSDictionary+NCNdnRtcAdditions.h"; path = "ndncon/NSDictionary+NCNdnRtcAdditions.h"; sourceTree = SOURCE_ROOT; };
		AFC99BF219D29B67005B75AB /* NSDictionary+NCNdnRtcAdditions.mm */ = {isa = PBXFileReference; fileEncoding = 4; lastKnownFileType = sourcecode.cpp.objcpp; name = "NSDictionary+NCNdnRtcAdditions.mm"; path = "ndncon/NSDictionary+NCNdnRtcAdditions.mm"; sourceTree = SOURCE_ROOT; };
		AFD17DF019F03EDA00C8DD6E /* NSDate+NCAdditions.h */ = {isa = PBXFileReference; fileEncoding = 4; lastKnownFileType = sourcecode.c.h; path = "NSDate+NCAdditions.h"; sourceTree = "<group>"; };
		AFD17DF119F03EDA00C8DD6E /* NSDate+NCAdditions.m */ = {isa = PBXFileReference; fileEncoding = 4; lastKnownFileType = sourcecode.c.objc; path = "NSDate+NCAdditions.m"; sourceTree = "<group>"; };
		AFD978E619BE546D0061AA24 /* NdnCon.app */ = {isa = PBXFileReference; explicitFileType = wrapper.application; includeInIndex = 0; path = NdnCon.app; sourceTree = BUILT_PRODUCTS_DIR; };
		AFD978E919BE546D0061AA24 /* Cocoa.framework */ = {isa = PBXFileReference; lastKnownFileType = wrapper.framework; name = Cocoa.framework; path = System/Library/Frameworks/Cocoa.framework; sourceTree = SDKROOT; };
		AFD978EC19BE546D0061AA24 /* AppKit.framework */ = {isa = PBXFileReference; lastKnownFileType = wrapper.framework; name = AppKit.framework; path = System/Library/Frameworks/AppKit.framework; sourceTree = SDKROOT; };
		AFD978ED19BE546D0061AA24 /* CoreData.framework */ = {isa = PBXFileReference; lastKnownFileType = wrapper.framework; name = CoreData.framework; path = System/Library/Frameworks/CoreData.framework; sourceTree = SDKROOT; };
		AFD978EE19BE546D0061AA24 /* Foundation.framework */ = {isa = PBXFileReference; lastKnownFileType = wrapper.framework; name = Foundation.framework; path = System/Library/Frameworks/Foundation.framework; sourceTree = SDKROOT; };
		AFD978F119BE546D0061AA24 /* NdnCon-Info.plist */ = {isa = PBXFileReference; lastKnownFileType = text.plist.xml; path = "NdnCon-Info.plist"; sourceTree = "<group>"; };
		AFD978F319BE546D0061AA24 /* en */ = {isa = PBXFileReference; lastKnownFileType = text.plist.strings; name = en; path = en.lproj/InfoPlist.strings; sourceTree = "<group>"; };
		AFD978F519BE546D0061AA24 /* main.mm */ = {isa = PBXFileReference; lastKnownFileType = sourcecode.cpp.objcpp; path = main.mm; sourceTree = "<group>"; };
		AFD978F719BE546D0061AA24 /* NdnCon-Prefix.pch */ = {isa = PBXFileReference; lastKnownFileType = sourcecode.c.h; path = "NdnCon-Prefix.pch"; sourceTree = "<group>"; };
		AFD978F919BE546D0061AA24 /* en */ = {isa = PBXFileReference; lastKnownFileType = text.rtf; name = en; path = en.lproj/Credits.rtf; sourceTree = "<group>"; };
		AFD978FB19BE546D0061AA24 /* AppDelegate.h */ = {isa = PBXFileReference; lastKnownFileType = sourcecode.c.h; path = AppDelegate.h; sourceTree = "<group>"; };
		AFD978FC19BE546D0061AA24 /* AppDelegate.mm */ = {isa = PBXFileReference; lastKnownFileType = sourcecode.cpp.objcpp; path = AppDelegate.mm; sourceTree = "<group>"; };
		AFD978FF19BE546D0061AA24 /* Base */ = {isa = PBXFileReference; lastKnownFileType = file.xib; name = Base; path = Base.lproj/MainMenu.xib; sourceTree = "<group>"; };
		AFD9790219BE546D0061AA24 /* NdnCon.xcdatamodel */ = {isa = PBXFileReference; lastKnownFileType = wrapper.xcdatamodel; path = NdnCon.xcdatamodel; sourceTree = "<group>"; };
		AFD9790419BE546D0061AA24 /* Images.xcassets */ = {isa = PBXFileReference; lastKnownFileType = folder.assetcatalog; path = Images.xcassets; sourceTree = "<group>"; };
		AFD9790A19BE546E0061AA24 /* NdnConTests.xctest */ = {isa = PBXFileReference; explicitFileType = wrapper.cfbundle; includeInIndex = 0; path = NdnConTests.xctest; sourceTree = BUILT_PRODUCTS_DIR; };
		AFD9790B19BE546E0061AA24 /* XCTest.framework */ = {isa = PBXFileReference; lastKnownFileType = wrapper.framework; name = XCTest.framework; path = Library/Frameworks/XCTest.framework; sourceTree = DEVELOPER_DIR; };
		AFD9791219BE546E0061AA24 /* NdnConTests-Info.plist */ = {isa = PBXFileReference; lastKnownFileType = text.plist.xml; path = "NdnConTests-Info.plist"; sourceTree = "<group>"; };
		AFD9791419BE546E0061AA24 /* en */ = {isa = PBXFileReference; lastKnownFileType = text.plist.strings; name = en; path = en.lproj/InfoPlist.strings; sourceTree = "<group>"; };
		AFD9791619BE546E0061AA24 /* NdnConTests.m */ = {isa = PBXFileReference; lastKnownFileType = sourcecode.c.objc; name = NdnConTests.m; path = "ndncon-tests/NdnConTests.m"; sourceTree = "<group>"; };
		AFD9792219BE5C6E0061AA24 /* ndncon.iconset */ = {isa = PBXFileReference; lastKnownFileType = folder.iconset; path = ndncon.iconset; sourceTree = "<group>"; };
		AFFED07719D62B92000974FF /* NCActiveStreamViewer.h */ = {isa = PBXFileReference; fileEncoding = 4; lastKnownFileType = sourcecode.c.h; name = NCActiveStreamViewer.h; path = ndncon/NCActiveStreamViewer.h; sourceTree = SOURCE_ROOT; };
		AFFED07819D62B92000974FF /* NCActiveStreamViewer.m */ = {isa = PBXFileReference; fileEncoding = 4; lastKnownFileType = sourcecode.c.objc; name = NCActiveStreamViewer.m; path = ndncon/NCActiveStreamViewer.m; sourceTree = SOURCE_ROOT; };
		AFFED07A19D62BA2000974FF /* NCActiveStreamView.xib */ = {isa = PBXFileReference; fileEncoding = 4; lastKnownFileType = file.xib; name = NCActiveStreamView.xib; path = ndncon/NCActiveStreamView.xib; sourceTree = SOURCE_ROOT; };
/* End PBXFileReference section */

/* Begin PBXFrameworksBuildPhase section */
		AFD978E319BE546D0061AA24 /* Frameworks */ = {
			isa = PBXFrameworksBuildPhase;
			buildActionMask = 2147483647;
			files = (
				AF744CE019EDF9CE00E92680 /* libndn-cpp.0.dylib in Frameworks */,
				AF744CDD19EDF6C200E92680 /* libchrono-chat2013.0.dylib in Frameworks */,
				AF744C7119E5DAA300E92680 /* CoreFoundation.framework in Frameworks */,
				AF11BAFB19D4E37E0011270F /* OpenGL.framework in Frameworks */,
				AFA8520A19C779180015A883 /* ApplicationServices.framework in Frameworks */,
				AF7026DC19C3B55C0087B605 /* CoreMedia.framework in Frameworks */,
				AF7026DA19C3B5530087B605 /* AVFoundation.framework in Frameworks */,
				AF8A136C19BF8B6100010B20 /* libndnrtc.0.dylib in Frameworks */,
				AFD978EA19BE546D0061AA24 /* Cocoa.framework in Frameworks */,
				AF744C8D19E71BEE00E92680 /* Sparkle.framework in Frameworks */,
			);
			runOnlyForDeploymentPostprocessing = 0;
		};
		AFD9790719BE546E0061AA24 /* Frameworks */ = {
			isa = PBXFrameworksBuildPhase;
			buildActionMask = 2147483647;
			files = (
				AFD9790D19BE546E0061AA24 /* Cocoa.framework in Frameworks */,
				AFD9790C19BE546E0061AA24 /* XCTest.framework in Frameworks */,
			);
			runOnlyForDeploymentPostprocessing = 0;
		};
/* End PBXFrameworksBuildPhase section */

/* Begin PBXGroup section */
		AF11BAF619D4D1F00011270F /* Renderer */ = {
			isa = PBXGroup;
			children = (
				AF3E074319D4A86300028E26 /* NCVideoStreamRenderer.h */,
				AF3E074419D4A86300028E26 /* NCVideoStreamRenderer.mm */,
				AF5D34A219DA1AF400227E75 /* NCGlView.h */,
				AF5D34A319DA1AF400227E75 /* NCGlView.m */,
			);
			name = Renderer;
			sourceTree = "<group>";
		};
		AF3C6FA319BE98D300FAE40B /* Thirdparty */ = {
			isa = PBXGroup;
			children = (
				AF5D34B519DE22DE00227E75 /* ptnsingleton */,
				AF8A14CB19BFD6C100010B20 /* ptnstorage */,
				AF8A138219BFB7C500010B20 /* maspreferences */,
			);
			name = Thirdparty;
			sourceTree = "<group>";
		};
		AF5D34B519DE22DE00227E75 /* ptnsingleton */ = {
			isa = PBXGroup;
			children = (
				AF5D34B619DE22EF00227E75 /* PTNSingleton.h */,
				AF5D34B719DE22EF00227E75 /* PTNSingleton.m */,
			);
			name = ptnsingleton;
			sourceTree = "<group>";
		};
		AF7026A619C11BF40087B605 /* Advanced preferences */ = {
			isa = PBXGroup;
			children = (
				AF8A139F19BFB8E700010B20 /* NCAdvancedPreferencesViewController.h */,
				AF8A13A019BFB8E700010B20 /* NCAdvancedPreferencesViewController.mm */,
				AF8A13A119BFB8E700010B20 /* NCAdvancedPreferencesView.xib */,
				AF7026AB19C11C8F0087B605 /* NCGeneralParametersViewController.h */,
				AF7026AC19C11C8F0087B605 /* NCGeneralParametersViewController.m */,
				AF7026A719C11C550087B605 /* NCGeneralParametersView.xib */,
				AF7026C019C259AE0087B605 /* NCProducerParametersViewController.h */,
				AF7026C119C259AE0087B605 /* NCProducerParametersViewController.m */,
				AF7026C219C259AE0087B605 /* NCProducerParametersView.xib */,
				AF744CC819ED99C100E92680 /* NCDiscoveryParametersViewController.h */,
				AF744CC919ED99C100E92680 /* NCDiscoveryParametersViewController.m */,
				AF744CCA19ED99C100E92680 /* NCDiscoveryParametersView.xib */,
			);
			name = "Advanced preferences";
			sourceTree = "<group>";
		};
		AF7026B319C250320087B605 /* Stack editor */ = {
			isa = PBXGroup;
			children = (
				AF7026B419C250560087B605 /* NCStackEditorViewController.h */,
				AF7026B519C250560087B605 /* NCStackEditorViewController.m */,
				AF7026B619C250560087B605 /* NCStackEditorView.xib */,
				AF7026B919C251490087B605 /* NCStackEditorEntryView.xib */,
				AF7026BB19C252B50087B605 /* NCStackEditorEntryViewController.h */,
				AF7026BC19C252B50087B605 /* NCStackEditorEntryViewController.m */,
				AF7026CB19C2B3940087B605 /* NCEditorEntryView.h */,
				AF7026CC19C2B3940087B605 /* NCEditorEntryView.m */,
			);
			name = "Stack editor";
			sourceTree = "<group>";
		};
		AF7026C519C279830087B605 /* Stream editor */ = {
			isa = PBXGroup;
			children = (
				AF7026E419C3CBDB0087B605 /* Thread editor */,
				AF7026D119C391B60087B605 /* NCStreamViewController.h */,
				AF7026D219C391B60087B605 /* NCStreamViewController.m */,
				AF7026D419C392E80087B605 /* NCAudioStreamViewController.h */,
				AF7026D519C392E80087B605 /* NCAudioStreamViewController.m */,
				AF7026D619C392E80087B605 /* NCAudioStreamView.xib */,
				AF7026C619C279A80087B605 /* NCVideoStreamViewController.h */,
				AF7026C719C279A80087B605 /* NCVideoStreamViewController.m */,
				AF7026C819C279A80087B605 /* NCVideoStreamView.xib */,
				AF7026CE19C36FA00087B605 /* NCStreamEditorViewController.h */,
				AF7026CF19C36FA00087B605 /* NCStreamEditorViewController.m */,
			);
			name = "Stream editor";
			sourceTree = "<group>";
		};
		AF7026E419C3CBDB0087B605 /* Thread editor */ = {
			isa = PBXGroup;
			children = (
				AF7026EB19C3CD560087B605 /* NCVideoThreadView.xib */,
				AF7026E519C3CCBA0087B605 /* NCVideoThreadViewController.h */,
				AF7026E619C3CCBA0087B605 /* NCVideoThreadViewController.m */,
				AF7026E819C3CCF30087B605 /* NCThreadViewController.h */,
				AF7026E919C3CCF30087B605 /* NCThreadViewController.m */,
				AFA8521919C8F1E40015A883 /* NCAudioThreadView.xib */,
				AFA8521B19C8F3220015A883 /* NCAudioThreadViewController.h */,
				AFA8521C19C8F3220015A883 /* NCAudioThreadViewController.m */,
			);
			name = "Thread editor";
			sourceTree = "<group>";
		};
		AF744C8619E6258100E92680 /* Statistics window */ = {
			isa = PBXGroup;
			children = (
				AF744C8719E625B300E92680 /* NCStatisticsWindowController.h */,
				AF744C8819E625B300E92680 /* NCStatisticsWindowController.mm */,
				AF744C8919E625B300E92680 /* NCStatisticsWindow.xib */,
			);
			name = "Statistics window";
			sourceTree = "<group>";
		};
		AF744CB219EC96E100E92680 /* Lib controllers */ = {
			isa = PBXGroup;
			children = (
				AFB35C2519CB6DEF00D8A2BC /* NCNdnRtcLibraryController.h */,
				AFB35C2619CB6DEF00D8A2BC /* NCNdnRtcLibraryController.mm */,
				AF744CB919EC996A00E92680 /* NCChatLibraryController.h */,
				AF744CBA19EC996A00E92680 /* NCChatLibraryController.mm */,
			);
			name = "Lib controllers";
			sourceTree = "<group>";
		};
		AF8A138119BFB74300010B20 /* Controllers */ = {
			isa = PBXGroup;
			children = (
				AF744CB219EC96E100E92680 /* Lib controllers */,
				AF7026C519C279830087B605 /* Stream editor */,
				AF8A139219BFB81E00010B20 /* Main window */,
				AF8A139119BFB80E00010B20 /* Preferences */,
			);
			name = Controllers;
			sourceTree = "<group>";
		};
		AF8A138219BFB7C500010B20 /* maspreferences */ = {
			isa = PBXGroup;
			children = (
				AF8A138619BFB7C500010B20 /* MASPreferencesViewController.h */,
				AF8A138719BFB7C500010B20 /* MASPreferencesWindow.xib */,
				AF8A138819BFB7C500010B20 /* MASPreferencesWindowController.h */,
				AF8A138919BFB7C500010B20 /* MASPreferencesWindowController.m */,
			);
			name = maspreferences;
			path = thirdparty/maspreferences;
			sourceTree = SOURCE_ROOT;
		};
		AF8A139119BFB80E00010B20 /* Preferences */ = {
			isa = PBXGroup;
			children = (
				AF8A139319BFB85B00010B20 /* NCGeneralPreferencesView.xib */,
				AF8A139519BFB89B00010B20 /* NCGeneralPreferencesViewController.h */,
				AF8A139619BFB89B00010B20 /* NCGeneralPreferencesViewController.m */,
				AF7026A619C11BF40087B605 /* Advanced preferences */,
				AF8A14CF19BFD70B00010B20 /* NCPreferencesController.h */,
				AF8A14D019BFD70B00010B20 /* NCPreferencesController.mm */,
				AF7026E119C3B6820087B605 /* AVCaptureDeviceFormat+NdnConAdditions.h */,
				AF7026E219C3B6820087B605 /* AVCaptureDeviceFormat+NdnConAdditions.m */,
			);
			name = Preferences;
			sourceTree = "<group>";
		};
		AF8A139219BFB81E00010B20 /* Main window */ = {
			isa = PBXGroup;
			children = (
				AFC99BDF19D25E6A005B75AB /* User view */,
				AFB35BFC19C9FDE600D8A2BC /* Conversation view */,
				AFB35BF619C9FB4E00D8A2BC /* NCMainViewController.h */,
				AFB35BF719C9FB4E00D8A2BC /* NCMainViewController.m */,
				AFC99BD019D15C0B005B75AB /* User list */,
			);
			name = "Main window";
			sourceTree = "<group>";
		};
		AF8A14CB19BFD6C100010B20 /* ptnstorage */ = {
			isa = PBXGroup;
			children = (
				AF8A14CC19BFD6C100010B20 /* PTNStorage.h */,
				AF8A14CD19BFD6C100010B20 /* PTNStorage.m */,
			);
			name = ptnstorage;
			path = thirdparty/ptnstorage;
			sourceTree = SOURCE_ROOT;
		};
		AFA8520B19C7AA030015A883 /* General */ = {
			isa = PBXGroup;
			children = (
				AFD17DF019F03EDA00C8DD6E /* NSDate+NCAdditions.h */,
				AFD17DF119F03EDA00C8DD6E /* NSDate+NCAdditions.m */,
				AF744C8319E61F2900E92680 /* NSTimer+NCAdditions.h */,
				AF744C8419E61F2900E92680 /* NSTimer+NCAdditions.m */,
				AF7026B319C250320087B605 /* Stack editor */,
				AFA8520C19C7AA250015A883 /* NSDictionary+NCAdditions.h */,
				AFA8520D19C7AA250015A883 /* NSDictionary+NCAdditions.m */,
				AFA8520F19C7AB0C0015A883 /* NSArray+NCAdditions.h */,
				AFA8521019C7AB0C0015A883 /* NSArray+NCAdditions.m */,
				AFA8521219C8A6060015A883 /* NSObject+NCAdditions.h */,
				AFA8521319C8A6060015A883 /* NSObject+NCAdditions.m */,
				AFA8521519C8B2FF0015A883 /* NCEmbeddedScrollView.h */,
				AFA8521619C8B2FF0015A883 /* NCEmbeddedScrollView.m */,
				AFA8521819C8B3880015A883 /* NCConfigurationObserver.h */,
				AFB35C0819CA072000D8A2BC /* NSScrollView+NCAdditions.h */,
				AFB35C0919CA072000D8A2BC /* NSScrollView+NCAdditions.m */,
				AF5D34A519DA29C800227E75 /* NCBlockDrawableView.h */,
				AF5D34A619DA29C800227E75 /* NCBlockDrawableView.m */,
				AF5D34A919DA52E400227E75 /* NCClickableView.h */,
				AF5D34AA19DA52E400227E75 /* NCClickableView.m */,
				AF5D34AC19DB7B4700227E75 /* NSString+NCAdditions.h */,
				AF5D34AD19DB7B4700227E75 /* NSString+NCAdditions.mm */,
				AF5D34B219DE227C00227E75 /* NCErrorController.h */,
				AF5D34B319DE227D00227E75 /* NCErrorController.m */,
				AF3D2CF819F708AA00A0D274 /* NSView+NCDragAndDropAbility.h */,
				AF3D2CF919F708AA00A0D274 /* NSView+NCDragAndDropAbility.m */,
				AF3D2CFB19F70C9E00A0D274 /* NCDropScrollView.h */,
				AF3D2CFC19F70C9E00A0D274 /* NCDropScrollView.m */,
			);
			name = General;
			sourceTree = "<group>";
		};
		AFB35BFC19C9FDE600D8A2BC /* Conversation view */ = {
			isa = PBXGroup;
			children = (
				AFB8DE9219CD047B008F691B /* Device manager */,
				AFB35C0219CA00DF00D8A2BC /* Streams browser */,
				AFB35BFD19C9FDFE00D8A2BC /* NCConversationViewController.h */,
				AFB35BFE19C9FDFE00D8A2BC /* NCConversationViewController.mm */,
				AFB35C0019C9FE0F00D8A2BC /* NCConversationView.xib */,
				AFC99BDC19D22C01005B75AB /* NCConversationInfoView.h */,
				AFC99BDD19D22C01005B75AB /* NCConversationInfoView.m */,
			);
			name = "Conversation view";
			sourceTree = "<group>";
		};
		AFB35C0219CA00DF00D8A2BC /* Streams browser */ = {
			isa = PBXGroup;
			children = (
				AF744C8619E6258100E92680 /* Statistics window */,
				AF11BAF619D4D1F00011270F /* Renderer */,
				AFFED07619D62B6D000974FF /* Active stream viewer */,
				AFB35C0319CA010700D8A2BC /* NCStreamBrowserController.h */,
				AFB35C0419CA010700D8A2BC /* NCStreamBrowserController.m */,
				AFB35C0B19CA095100D8A2BC /* NCStreamPreviewController.h */,
				AFB35C0C19CA095100D8A2BC /* NCStreamPreviewController.m */,
				AFB35C1019CA096C00D8A2BC /* NCAudioPreviewController.h */,
				AFB35C1119CA096C00D8A2BC /* NCAudioPreviewController.m */,
				AFB35C1319CA099800D8A2BC /* NCVideoPreviewController.h */,
				AFB35C1419CA099800D8A2BC /* NCVideoPreviewController.m */,
				AFB35C1A19CA1CA400D8A2BC /* NCUserStreamsController.h */,
				AFB35C1B19CA1CA400D8A2BC /* NCUserStreamsController.m */,
			);
			name = "Streams browser";
			sourceTree = "<group>";
		};
		AFB8DE9219CD047B008F691B /* Device manager */ = {
			isa = PBXGroup;
			children = (
				AFB8DE9319CD049B008F691B /* NCCameraCapturer.h */,
				AFB8DE9419CD049B008F691B /* NCCameraCapturer.mm */,
			);
			name = "Device manager";
			sourceTree = "<group>";
		};
		AFC99BD019D15C0B005B75AB /* User list */ = {
			isa = PBXGroup;
			children = (
				AFB35BF919C9FB6F00D8A2BC /* NCUserListViewController.h */,
				AFB35BFA19C9FB6F00D8A2BC /* NCUserListViewController.mm */,
				AFC99BD119D16E2E005B75AB /* NCCustomTextField.h */,
				AFC99BD219D16E2E005B75AB /* NCCustomTextField.m */,
				AFC99BD419D20489005B75AB /* User.h */,
				AFC99BD519D20489005B75AB /* User.m */,
			);
			name = "User list";
			sourceTree = "<group>";
		};
		AFC99BDF19D25E6A005B75AB /* User view */ = {
			isa = PBXGroup;
			children = (
				AFC99BE519D264AA005B75AB /* Read-only stream views */,
				AFC99BE019D25E82005B75AB /* NCUserViewController.h */,
				AFC99BE119D25E82005B75AB /* NCUserViewController.m */,
				AFC99BE319D25E94005B75AB /* NCUserView.xib */,
				AF744C6E19E4899D00E92680 /* NCStreamViewerController.h */,
				AF744C6F19E4899D00E92680 /* NCStreamViewerController.m */,
				AF744CBD19ECB0E400E92680 /* NCChatView.xib */,
				AF744CBF19ECB0FC00E92680 /* NCChatViewController.h */,
				AF744CC019ECB0FC00E92680 /* NCChatViewController.m */,
				AF744CC519ED8EE100E92680 /* ChatRoom.h */,
				AF744CC619ED8EE100E92680 /* ChatRoom.m */,
				AF744CC219ED8EE100E92680 /* ChatMessage.h */,
				AF744CC319ED8EE100E92680 /* ChatMessage.m */,
			);
			name = "User view";
			sourceTree = "<group>";
		};
		AFC99BE519D264AA005B75AB /* Read-only stream views */ = {
			isa = PBXGroup;
			children = (
				AFC99BE619D26510005B75AB /* NCUserAudioStreamView.xib */,
				AFC99BE719D26510005B75AB /* NCUserAudioThreadView.xib */,
				AFC99BE819D26510005B75AB /* NCUserVideoStreamView.xib */,
				AFC99BE919D26510005B75AB /* NCUserVideoThreadView.xib */,
				AFC99BEE19D29793005B75AB /* NCUserStreamViewController.h */,
				AFC99BEF19D29793005B75AB /* NCUserStreamViewController.m */,
			);
			name = "Read-only stream views";
			sourceTree = "<group>";
		};
		AFD978DD19BE546D0061AA24 = {
			isa = PBXGroup;
			children = (
				AFD978EF19BE546D0061AA24 /* NdnCon */,
				AFD9791019BE546E0061AA24 /* NdnConTests */,
				AFD978E819BE546D0061AA24 /* Frameworks */,
				AFD978E719BE546D0061AA24 /* Products */,
			);
			sourceTree = "<group>";
		};
		AFD978E719BE546D0061AA24 /* Products */ = {
			isa = PBXGroup;
			children = (
				AFD978E619BE546D0061AA24 /* NdnCon.app */,
				AFD9790A19BE546E0061AA24 /* NdnConTests.xctest */,
			);
			name = Products;
			sourceTree = "<group>";
		};
		AFD978E819BE546D0061AA24 /* Frameworks */ = {
			isa = PBXGroup;
			children = (
				AF744CDF19EDF9CE00E92680 /* libndn-cpp.0.dylib */,
				AF744CDC19EDF6C200E92680 /* libchrono-chat2013.0.dylib */,
				AF744C8C19E71BEE00E92680 /* Sparkle.framework */,
				AF11BAFA19D4E37E0011270F /* OpenGL.framework */,
				AFA8520919C779180015A883 /* ApplicationServices.framework */,
				AFA8520719C778E50015A883 /* Quartz.framework */,
				AF7026DF19C3B6280087B605 /* CoreVideo.framework */,
				AF7026DD19C3B56A0087B605 /* CoreFoundation.framework */,
				AF7026DB19C3B55C0087B605 /* CoreMedia.framework */,
				AF7026D919C3B5530087B605 /* AVFoundation.framework */,
				AF8A136B19BF8B6100010B20 /* libndnrtc.0.dylib */,
				AFD978E919BE546D0061AA24 /* Cocoa.framework */,
				AFD9790B19BE546E0061AA24 /* XCTest.framework */,
				AFD978EB19BE546D0061AA24 /* Other Frameworks */,
			);
			name = Frameworks;
			sourceTree = "<group>";
		};
		AFD978EB19BE546D0061AA24 /* Other Frameworks */ = {
			isa = PBXGroup;
			children = (
				AFD978EC19BE546D0061AA24 /* AppKit.framework */,
				AFD978ED19BE546D0061AA24 /* CoreData.framework */,
				AFD978EE19BE546D0061AA24 /* Foundation.framework */,
			);
			name = "Other Frameworks";
			sourceTree = "<group>";
		};
		AFD978EF19BE546D0061AA24 /* NdnCon */ = {
			isa = PBXGroup;
			children = (
				AFA8520B19C7AA030015A883 /* General */,
				AF8A138119BFB74300010B20 /* Controllers */,
				AFD978FB19BE546D0061AA24 /* AppDelegate.h */,
				AFD978FC19BE546D0061AA24 /* AppDelegate.mm */,
				AFC99BF119D29B67005B75AB /* NSDictionary+NCNdnRtcAdditions.h */,
				AFC99BF219D29B67005B75AB /* NSDictionary+NCNdnRtcAdditions.mm */,
				AFD978FE19BE546D0061AA24 /* MainMenu.xib */,
				AFD9790419BE546D0061AA24 /* Images.xcassets */,
				AFD9790119BE546D0061AA24 /* NdnCon.xcdatamodeld */,
				AF3C6FA319BE98D300FAE40B /* Thirdparty */,
				AFD978F019BE546D0061AA24 /* Supporting Files */,
			);
			path = NdnCon;
			sourceTree = "<group>";
		};
		AFD978F019BE546D0061AA24 /* Supporting Files */ = {
			isa = PBXGroup;
			children = (
				AF744C9119E71EC900E92680 /* Appcast.xml */,
				AF744C8F19E71DDC00E92680 /* dsa_pub.pem */,
				AFD9792219BE5C6E0061AA24 /* ndncon.iconset */,
				AFD978F119BE546D0061AA24 /* NdnCon-Info.plist */,
				AFD978F219BE546D0061AA24 /* InfoPlist.strings */,
				AFD978F519BE546D0061AA24 /* main.mm */,
				AFD978F719BE546D0061AA24 /* NdnCon-Prefix.pch */,
				AFD978F819BE546D0061AA24 /* Credits.rtf */,
				AF3C6FA119BE98B200FAE40B /* settings.plist */,
			);
			name = "Supporting Files";
			sourceTree = "<group>";
		};
		AFD9791019BE546E0061AA24 /* NdnConTests */ = {
			isa = PBXGroup;
			children = (
				AFD9791619BE546E0061AA24 /* NdnConTests.m */,
				AFD9791119BE546E0061AA24 /* Supporting Files */,
			);
			path = NdnConTests;
			sourceTree = "<group>";
		};
		AFD9791119BE546E0061AA24 /* Supporting Files */ = {
			isa = PBXGroup;
			children = (
				AFD9791219BE546E0061AA24 /* NdnConTests-Info.plist */,
				AFD9791319BE546E0061AA24 /* InfoPlist.strings */,
			);
			name = "Supporting Files";
			sourceTree = "<group>";
		};
		AFFED07619D62B6D000974FF /* Active stream viewer */ = {
			isa = PBXGroup;
			children = (
				AFFED07719D62B92000974FF /* NCActiveStreamViewer.h */,
				AFFED07819D62B92000974FF /* NCActiveStreamViewer.m */,
				AFFED07A19D62BA2000974FF /* NCActiveStreamView.xib */,
			);
			name = "Active stream viewer";
			sourceTree = "<group>";
		};
/* End PBXGroup section */

/* Begin PBXNativeTarget section */
		AFD978E519BE546D0061AA24 /* NdnCon */ = {
			isa = PBXNativeTarget;
			buildConfigurationList = AFD9791A19BE546E0061AA24 /* Build configuration list for PBXNativeTarget "NdnCon" */;
			buildPhases = (
				AFC99BF819D36CF6005B75AB /* CopyFiles */,
				AFC99BFA19D38234005B75AB /* ShellScript */,
				AFD978E219BE546D0061AA24 /* Sources */,
				AFD978E319BE546D0061AA24 /* Frameworks */,
				AFD978E419BE546D0061AA24 /* Resources */,
			);
			buildRules = (
			);
			dependencies = (
			);
			name = NdnCon;
			productName = NdnCon;
			productReference = AFD978E619BE546D0061AA24 /* NdnCon.app */;
			productType = "com.apple.product-type.application";
		};
		AFD9790919BE546E0061AA24 /* NdnConTests */ = {
			isa = PBXNativeTarget;
			buildConfigurationList = AFD9791D19BE546E0061AA24 /* Build configuration list for PBXNativeTarget "NdnConTests" */;
			buildPhases = (
				AFD9790619BE546E0061AA24 /* Sources */,
				AFD9790719BE546E0061AA24 /* Frameworks */,
				AFD9790819BE546E0061AA24 /* Resources */,
			);
			buildRules = (
			);
			dependencies = (
				AFD9790F19BE546E0061AA24 /* PBXTargetDependency */,
			);
			name = NdnConTests;
			productName = NdnConTests;
			productReference = AFD9790A19BE546E0061AA24 /* NdnConTests.xctest */;
			productType = "com.apple.product-type.bundle.unit-test";
		};
/* End PBXNativeTarget section */

/* Begin PBXProject section */
		AFD978DE19BE546D0061AA24 /* Project object */ = {
			isa = PBXProject;
			attributes = {
				LastUpgradeCheck = 0510;
				ORGANIZATIONNAME = REMAP;
				TargetAttributes = {
					AFD9790919BE546E0061AA24 = {
						TestTargetID = AFD978E519BE546D0061AA24;
					};
				};
			};
			buildConfigurationList = AFD978E119BE546D0061AA24 /* Build configuration list for PBXProject "NdnCon" */;
			compatibilityVersion = "Xcode 3.2";
			developmentRegion = English;
			hasScannedForEncodings = 0;
			knownRegions = (
				en,
				Base,
			);
			mainGroup = AFD978DD19BE546D0061AA24;
			productRefGroup = AFD978E719BE546D0061AA24 /* Products */;
			projectDirPath = "";
			projectRoot = "";
			targets = (
				AFD978E519BE546D0061AA24 /* NdnCon */,
				AFD9790919BE546E0061AA24 /* NdnConTests */,
			);
		};
/* End PBXProject section */

/* Begin PBXResourcesBuildPhase section */
		AFD978E419BE546D0061AA24 /* Resources */ = {
			isa = PBXResourcesBuildPhase;
			buildActionMask = 2147483647;
			files = (
				AF744CCC19ED99C100E92680 /* NCDiscoveryParametersView.xib in Resources */,
				AFC99BEC19D26510005B75AB /* NCUserVideoStreamView.xib in Resources */,
				AF7026C419C259AE0087B605 /* NCProducerParametersView.xib in Resources */,
				AF7026A819C11C550087B605 /* NCGeneralParametersView.xib in Resources */,
				AFD9792319BE5C6E0061AA24 /* ndncon.iconset in Resources */,
				AF744C8B19E625B300E92680 /* NCStatisticsWindow.xib in Resources */,
				AFA8521A19C8F1E40015A883 /* NCAudioThreadView.xib in Resources */,
				AFC99BED19D26510005B75AB /* NCUserVideoThreadView.xib in Resources */,
				AFB35C0119C9FE0F00D8A2BC /* NCConversationView.xib in Resources */,
				AF7026D819C392E80087B605 /* NCAudioStreamView.xib in Resources */,
				AF7026CA19C279A80087B605 /* NCVideoStreamView.xib in Resources */,
				AFC99BE419D25E94005B75AB /* NCUserView.xib in Resources */,
				AF8A138E19BFB7C500010B20 /* MASPreferencesWindow.xib in Resources */,
				AF7026B819C250560087B605 /* NCStackEditorView.xib in Resources */,
				AF744CBE19ECB0E400E92680 /* NCChatView.xib in Resources */,
				AF3C6FA219BE98B200FAE40B /* settings.plist in Resources */,
				AF8A139419BFB85B00010B20 /* NCGeneralPreferencesView.xib in Resources */,
				AFD978F419BE546D0061AA24 /* InfoPlist.strings in Resources */,
				AFFED07B19D62BA2000974FF /* NCActiveStreamView.xib in Resources */,
				AFC99BEB19D26510005B75AB /* NCUserAudioThreadView.xib in Resources */,
				AFD9790519BE546D0061AA24 /* Images.xcassets in Resources */,
				AFC99BEA19D26510005B75AB /* NCUserAudioStreamView.xib in Resources */,
				AFD978FA19BE546D0061AA24 /* Credits.rtf in Resources */,
				AF744C9019E71DDC00E92680 /* dsa_pub.pem in Resources */,
				AF744CCF19EDD6B600E92680 /* MainMenu.xib in Resources */,
				AF7026EC19C3CD560087B605 /* NCVideoThreadView.xib in Resources */,
				AF7026BA19C251490087B605 /* NCStackEditorEntryView.xib in Resources */,
				AF8A13A319BFB8E700010B20 /* NCAdvancedPreferencesView.xib in Resources */,
			);
			runOnlyForDeploymentPostprocessing = 0;
		};
		AFD9790819BE546E0061AA24 /* Resources */ = {
			isa = PBXResourcesBuildPhase;
			buildActionMask = 2147483647;
			files = (
				AFD9791519BE546E0061AA24 /* InfoPlist.strings in Resources */,
			);
			runOnlyForDeploymentPostprocessing = 0;
		};
/* End PBXResourcesBuildPhase section */

/* Begin PBXShellScriptBuildPhase section */
		AFC99BFA19D38234005B75AB /* ShellScript */ = {
			isa = PBXShellScriptBuildPhase;
			buildActionMask = 2147483647;
			files = (
			);
			inputPaths = (
			);
			outputPaths = (
			);
			runOnlyForDeploymentPostprocessing = 0;
			shellPath = /bin/sh;
			shellScript = "# change rpath for NDN-RTC library\ninstall_name_tool -id @rpath/libndnrtc.0.dylib $BUILT_PRODUCTS_DIR/$FRAMEWORKS_FOLDER_PATH/libndnrtc.0.dylib\n# change rpath for chrono-chat library\ninstall_name_tool -id @rpath/libchrono-chat2013.0.dylib $BUILT_PRODUCTS_DIR/$FRAMEWORKS_FOLDER_PATH/libchrono-chat2013.0.dylib\n# change rpath for ndn-cpp library\ninstall_name_tool -id @rpath/libndn-cpp.0.dylib $BUILT_PRODUCTS_DIR/$FRAMEWORKS_FOLDER_PATH/libndn-cpp.0.dylib\n# change ndn-cpp dependency path in NDN-RTC library\ninstall_name_tool -change $NDNCPP_LIB_PATH/libndn-cpp.0.dylib @rpath/libndn-cpp.0.dylib $BUILT_PRODUCTS_DIR/$FRAMEWORKS_FOLDER_PATH/libndnrtc.0.dylib\n# change ndn-cpp dependency path in chorno-chat library\ninstall_name_tool -change $NDNCPP_LIB_PATH/libndn-cpp.0.dylib @rpath/libndn-cpp.0.dylib $BUILT_PRODUCTS_DIR/$FRAMEWORKS_FOLDER_PATH/libchrono-chat2013.0.dylib";
		};
/* End PBXShellScriptBuildPhase section */

/* Begin PBXSourcesBuildPhase section */
		AFD978E219BE546D0061AA24 /* Sources */ = {
			isa = PBXSourcesBuildPhase;
			buildActionMask = 2147483647;
			files = (
				AF744CCB19ED99C100E92680 /* NCDiscoveryParametersViewController.m in Sources */,
				AF7026AD19C11C8F0087B605 /* NCGeneralParametersViewController.m in Sources */,
				AFB35C1219CA096C00D8A2BC /* NCAudioPreviewController.m in Sources */,
				AFC99BF019D29793005B75AB /* NCUserStreamViewController.m in Sources */,
				AFB35C0A19CA072000D8A2BC /* NSScrollView+NCAdditions.m in Sources */,
				AF7026D019C36FA00087B605 /* NCStreamEditorViewController.m in Sources */,
				AFA8521119C7AB0C0015A883 /* NSArray+NCAdditions.m in Sources */,
				AFA8521D19C8F3220015A883 /* NCAudioThreadViewController.m in Sources */,
				AFB35C1C19CA1CA400D8A2BC /* NCUserStreamsController.m in Sources */,
				AF8A13A219BFB8E700010B20 /* NCAdvancedPreferencesViewController.mm in Sources */,
				AFC99BE219D25E82005B75AB /* NCUserViewController.m in Sources */,
				AF744CC719ED8EE100E92680 /* ChatRoom.m in Sources */,
				AF7026E319C3B6820087B605 /* AVCaptureDeviceFormat+NdnConAdditions.m in Sources */,
				AF744C8A19E625B300E92680 /* NCStatisticsWindowController.mm in Sources */,
				AF7026CD19C2B3940087B605 /* NCEditorEntryView.m in Sources */,
				AFD17DF219F03EDA00C8DD6E /* NSDate+NCAdditions.m in Sources */,
				AF7026E719C3CCBA0087B605 /* NCVideoThreadViewController.m in Sources */,
				AF7026B719C250560087B605 /* NCStackEditorViewController.m in Sources */,
				AFB35BF819C9FB4E00D8A2BC /* NCMainViewController.m in Sources */,
				AF744CBB19EC996A00E92680 /* NCChatLibraryController.mm in Sources */,
				AF744CC119ECB0FC00E92680 /* NCChatViewController.m in Sources */,
				AF8A138F19BFB7C500010B20 /* MASPreferencesWindowController.m in Sources */,
				AFD978FD19BE546D0061AA24 /* AppDelegate.mm in Sources */,
				AFD9790319BE546D0061AA24 /* NdnCon.xcdatamodeld in Sources */,
				AF7026EA19C3CCF30087B605 /* NCThreadViewController.m in Sources */,
				AFA8520E19C7AA250015A883 /* NSDictionary+NCAdditions.m in Sources */,
				AF5D34A419DA1AF400227E75 /* NCGlView.m in Sources */,
				AFFED07919D62B92000974FF /* NCActiveStreamViewer.m in Sources */,
				AF7026D719C392E80087B605 /* NCAudioStreamViewController.m in Sources */,
				AFB35BFF19C9FDFE00D8A2BC /* NCConversationViewController.mm in Sources */,
				AF5D34A719DA29C800227E75 /* NCBlockDrawableView.m in Sources */,
				AF3D2CFA19F708AA00A0D274 /* NSView+NCDragAndDropAbility.m in Sources */,
				AFB35C1519CA099800D8A2BC /* NCVideoPreviewController.m in Sources */,
				AF5D34B819DE22EF00227E75 /* PTNSingleton.m in Sources */,
				AFB8DE9519CD049B008F691B /* NCCameraCapturer.mm in Sources */,
				AF7026C919C279A80087B605 /* NCVideoStreamViewController.m in Sources */,
				AF8A139719BFB89B00010B20 /* NCGeneralPreferencesViewController.m in Sources */,
				AF3D2CFD19F70C9E00A0D274 /* NCDropScrollView.m in Sources */,
				AFD978F619BE546D0061AA24 /* main.mm in Sources */,
				AF7026BE19C252B50087B605 /* NCStackEditorEntryViewController.m in Sources */,
				AF5D34B419DE227D00227E75 /* NCErrorController.m in Sources */,
				AFB35C2719CB6DEF00D8A2BC /* NCNdnRtcLibraryController.mm in Sources */,
				AF8A14CE19BFD6C100010B20 /* PTNStorage.m in Sources */,
				AFA8521719C8B2FF0015A883 /* NCEmbeddedScrollView.m in Sources */,
				AF744C7019E4899D00E92680 /* NCStreamViewerController.m in Sources */,
				AF5D34AB19DA52E400227E75 /* NCClickableView.m in Sources */,
				AFA8521419C8A6060015A883 /* NSObject+NCAdditions.m in Sources */,
				AFC99BF319D29B67005B75AB /* NSDictionary+NCNdnRtcAdditions.mm in Sources */,
				AF5D34AE19DB7B4700227E75 /* NSString+NCAdditions.mm in Sources */,
				AFC99BDE19D22C01005B75AB /* NCConversationInfoView.m in Sources */,
				AFB35C0E19CA095100D8A2BC /* NCStreamPreviewController.m in Sources */,
				AF7026C319C259AE0087B605 /* NCProducerParametersViewController.m in Sources */,
				AFB35BFB19C9FB6F00D8A2BC /* NCUserListViewController.mm in Sources */,
				AF3E074519D4A86300028E26 /* NCVideoStreamRenderer.mm in Sources */,
				AFB35C0619CA010700D8A2BC /* NCStreamBrowserController.m in Sources */,
				AF744C8519E61F2900E92680 /* NSTimer+NCAdditions.m in Sources */,
				AFC99BD619D20489005B75AB /* User.m in Sources */,
				AF8A14D119BFD70B00010B20 /* NCPreferencesController.mm in Sources */,
				AF744CC419ED8EE100E92680 /* ChatMessage.m in Sources */,
				AF7026D319C391B60087B605 /* NCStreamViewController.m in Sources */,
				AFC99BD319D16E2E005B75AB /* NCCustomTextField.m in Sources */,
			);
			runOnlyForDeploymentPostprocessing = 0;
		};
		AFD9790619BE546E0061AA24 /* Sources */ = {
			isa = PBXSourcesBuildPhase;
			buildActionMask = 2147483647;
			files = (
				AFD9791719BE546E0061AA24 /* NdnConTests.m in Sources */,
			);
			runOnlyForDeploymentPostprocessing = 0;
		};
/* End PBXSourcesBuildPhase section */

/* Begin PBXTargetDependency section */
		AFD9790F19BE546E0061AA24 /* PBXTargetDependency */ = {
			isa = PBXTargetDependency;
			target = AFD978E519BE546D0061AA24 /* NdnCon */;
			targetProxy = AFD9790E19BE546E0061AA24 /* PBXContainerItemProxy */;
		};
/* End PBXTargetDependency section */

/* Begin PBXVariantGroup section */
		AFD978F219BE546D0061AA24 /* InfoPlist.strings */ = {
			isa = PBXVariantGroup;
			children = (
				AFD978F319BE546D0061AA24 /* en */,
			);
			name = InfoPlist.strings;
			sourceTree = "<group>";
		};
		AFD978F819BE546D0061AA24 /* Credits.rtf */ = {
			isa = PBXVariantGroup;
			children = (
				AFD978F919BE546D0061AA24 /* en */,
			);
			name = Credits.rtf;
			sourceTree = "<group>";
		};
		AFD978FE19BE546D0061AA24 /* MainMenu.xib */ = {
			isa = PBXVariantGroup;
			children = (
				AFD978FF19BE546D0061AA24 /* Base */,
			);
			name = MainMenu.xib;
			sourceTree = "<group>";
		};
		AFD9791319BE546E0061AA24 /* InfoPlist.strings */ = {
			isa = PBXVariantGroup;
			children = (
				AFD9791419BE546E0061AA24 /* en */,
			);
			name = InfoPlist.strings;
			sourceTree = "<group>";
		};
/* End PBXVariantGroup section */

/* Begin XCBuildConfiguration section */
		AFD9791819BE546E0061AA24 /* Debug */ = {
			isa = XCBuildConfiguration;
			buildSettings = {
				ALWAYS_SEARCH_USER_PATHS = NO;
				CLANG_CXX_LANGUAGE_STANDARD = "gnu++0x";
				CLANG_CXX_LIBRARY = "libstdc++";
				CLANG_ENABLE_MODULES = YES;
				CLANG_ENABLE_OBJC_ARC = YES;
				CLANG_WARN_BOOL_CONVERSION = YES;
				CLANG_WARN_CONSTANT_CONVERSION = YES;
				CLANG_WARN_DIRECT_OBJC_ISA_USAGE = YES_ERROR;
				CLANG_WARN_EMPTY_BODY = YES;
				CLANG_WARN_ENUM_CONVERSION = YES;
				CLANG_WARN_INT_CONVERSION = YES;
				CLANG_WARN_OBJC_ROOT_CLASS = YES_ERROR;
				CLANG_WARN__DUPLICATE_METHOD_MATCH = YES;
				COPY_PHASE_STRIP = NO;
				GCC_C_LANGUAGE_STANDARD = gnu99;
				GCC_DYNAMIC_NO_PIC = NO;
				GCC_ENABLE_OBJC_EXCEPTIONS = YES;
				GCC_OPTIMIZATION_LEVEL = 0;
				GCC_PREPROCESSOR_DEFINITIONS = (
					"DEBUG=1",
					"$(inherited)",
				);
				GCC_SYMBOLS_PRIVATE_EXTERN = NO;
				GCC_WARN_64_TO_32_BIT_CONVERSION = YES;
				GCC_WARN_ABOUT_RETURN_TYPE = YES_ERROR;
				GCC_WARN_UNDECLARED_SELECTOR = YES;
				GCC_WARN_UNINITIALIZED_AUTOS = YES_AGGRESSIVE;
				GCC_WARN_UNUSED_FUNCTION = YES;
				GCC_WARN_UNUSED_VARIABLE = YES;
				MACOSX_DEPLOYMENT_TARGET = 10.9;
				NDNRTC_INCLUDE_PATH = "";
				NDNRTC_LIB_PATH = "";
				ONLY_ACTIVE_ARCH = YES;
				SDKROOT = macosx;
			};
			name = Debug;
		};
		AFD9791919BE546E0061AA24 /* Release */ = {
			isa = XCBuildConfiguration;
			buildSettings = {
				ALWAYS_SEARCH_USER_PATHS = NO;
				CLANG_CXX_LANGUAGE_STANDARD = "gnu++0x";
				CLANG_CXX_LIBRARY = "libstdc++";
				CLANG_ENABLE_MODULES = YES;
				CLANG_ENABLE_OBJC_ARC = YES;
				CLANG_WARN_BOOL_CONVERSION = YES;
				CLANG_WARN_CONSTANT_CONVERSION = YES;
				CLANG_WARN_DIRECT_OBJC_ISA_USAGE = YES_ERROR;
				CLANG_WARN_EMPTY_BODY = YES;
				CLANG_WARN_ENUM_CONVERSION = YES;
				CLANG_WARN_INT_CONVERSION = YES;
				CLANG_WARN_OBJC_ROOT_CLASS = YES_ERROR;
				CLANG_WARN__DUPLICATE_METHOD_MATCH = YES;
				COPY_PHASE_STRIP = YES;
				DEBUG_INFORMATION_FORMAT = "dwarf-with-dsym";
				ENABLE_NS_ASSERTIONS = NO;
				GCC_C_LANGUAGE_STANDARD = gnu99;
				GCC_ENABLE_OBJC_EXCEPTIONS = YES;
				GCC_WARN_64_TO_32_BIT_CONVERSION = YES;
				GCC_WARN_ABOUT_RETURN_TYPE = YES_ERROR;
				GCC_WARN_UNDECLARED_SELECTOR = YES;
				GCC_WARN_UNINITIALIZED_AUTOS = YES_AGGRESSIVE;
				GCC_WARN_UNUSED_FUNCTION = YES;
				GCC_WARN_UNUSED_VARIABLE = YES;
				MACOSX_DEPLOYMENT_TARGET = 10.9;
				NDNRTC_INCLUDE_PATH = "";
				NDNRTC_LIB_PATH = "";
				SDKROOT = macosx;
			};
			name = Release;
		};
		AFD9791B19BE546E0061AA24 /* Debug */ = {
			isa = XCBuildConfiguration;
			buildSettings = {
				ASSETCATALOG_COMPILER_APPICON_NAME = AppIcon;
				BOOST_INCLUDE_PATH = "";
				COMBINE_HIDPI_IMAGES = YES;
				FRAMEWORK_SEARCH_PATHS = (
					"$(inherited)",
					"$(PROJECT_DIR)/thirdparty/sparkle",
				);
				GCC_PRECOMPILE_PREFIX_HEADER = YES;
				GCC_PREFIX_HEADER = "NdnCon/NdnCon-Prefix.pch";
				GCC_PREPROCESSOR_DEFINITIONS = "$(inherited)";
				HEADER_SEARCH_PATHS = (
					"$(NDNRTC_INCLUDE_PATH)",
					"$(inherited)",
					/Applications/Xcode.app/Contents/Developer/Toolchains/XcodeDefault.xctoolchain/usr/include,
					"$(NDNCHAT_INCLUDE_PATH)",
					"$(NDNCPP_INCLUDE_PATH)",
					"$(BOOST_INCLUDE_PATH)",
				);
				INFOPLIST_FILE = "NdnCon/NdnCon-Info.plist";
				LD_DYLIB_INSTALL_NAME = "";
				LD_RUNPATH_SEARCH_PATHS = "@loader_path/../Frameworks";
				LIBRARY_SEARCH_PATHS = (
					$BUILT_PRODUCTS_DIR/$FRAMEWORKS_FOLDER_PATH,
					"$(inherited)",
					"$(NDNCPP_LIB_PATH)",
					"$(NDNCHAT_LIB_PATH)",
				);
				NDNCHAT_INCLUDE_PATH = "";
				NDNCHAT_LIB_PATH = "";
				NDNCPP_INCLUDE_PATH = "";
				NDNCPP_LIB_PATH = "";
				NDNRTC_INCLUDE_PATH = "";
				NDNRTC_LIB_PATH = "";
				PRODUCT_NAME = "$(TARGET_NAME)";
				RELEASES_FOLDER = "";
				WRAPPER_EXTENSION = app;
			};
			name = Debug;
		};
		AFD9791C19BE546E0061AA24 /* Release */ = {
			isa = XCBuildConfiguration;
			buildSettings = {
				ASSETCATALOG_COMPILER_APPICON_NAME = AppIcon;
				BOOST_INCLUDE_PATH = "";
				COMBINE_HIDPI_IMAGES = YES;
				FRAMEWORK_SEARCH_PATHS = (
					"$(inherited)",
					"$(PROJECT_DIR)/thirdparty/sparkle",
				);
				GCC_PRECOMPILE_PREFIX_HEADER = YES;
				GCC_PREFIX_HEADER = "NdnCon/NdnCon-Prefix.pch";
				GCC_PREPROCESSOR_DEFINITIONS = "";
				HEADER_SEARCH_PATHS = (
					"$(NDNRTC_INCLUDE_PATH)",
					"$(inherited)",
					/Applications/Xcode.app/Contents/Developer/Toolchains/XcodeDefault.xctoolchain/usr/include,
					"$(NDNCHAT_INCLUDE_PATH)",
					"$(NDNCPP_INCLUDE_PATH)",
					"$(BOOST_INCLUDE_PATH)",
				);
				INFOPLIST_FILE = "NdnCon/NdnCon-Info.plist";
				LD_DYLIB_INSTALL_NAME = "";
				LD_RUNPATH_SEARCH_PATHS = "@loader_path/../Frameworks";
				LIBRARY_SEARCH_PATHS = (
					$BUILT_PRODUCTS_DIR/$FRAMEWORKS_FOLDER_PATH,
					"$(inherited)",
					"$(NDNCPP_LIB_PATH)",
					"$(NDNCHAT_LIB_PATH)",
				);
				NDNCHAT_INCLUDE_PATH = "";
				NDNCHAT_LIB_PATH = "";
				NDNCPP_INCLUDE_PATH = "";
				NDNCPP_LIB_PATH = "";
				NDNRTC_INCLUDE_PATH = "";
				NDNRTC_LIB_PATH = "";
				PRODUCT_NAME = "$(TARGET_NAME)";
				RELEASES_FOLDER = "";
				WRAPPER_EXTENSION = app;
			};
			name = Release;
		};
		AFD9791E19BE546E0061AA24 /* Debug */ = {
			isa = XCBuildConfiguration;
			buildSettings = {
				BUNDLE_LOADER = "$(BUILT_PRODUCTS_DIR)/NdnCon.app/Contents/MacOS/NdnCon";
				COMBINE_HIDPI_IMAGES = YES;
				FRAMEWORK_SEARCH_PATHS = (
					"$(DEVELOPER_FRAMEWORKS_DIR)",
					"$(inherited)",
				);
				GCC_PRECOMPILE_PREFIX_HEADER = YES;
				GCC_PREFIX_HEADER = "NdnCon/NdnCon-Prefix.pch";
				GCC_PREPROCESSOR_DEFINITIONS = (
					"DEBUG=1",
					"$(inherited)",
				);
				INFOPLIST_FILE = "NdnConTests/NdnConTests-Info.plist";
				PRODUCT_NAME = "$(TARGET_NAME)";
				TEST_HOST = "$(BUNDLE_LOADER)";
				WRAPPER_EXTENSION = xctest;
			};
			name = Debug;
		};
		AFD9791F19BE546E0061AA24 /* Release */ = {
			isa = XCBuildConfiguration;
			buildSettings = {
				BUNDLE_LOADER = "$(BUILT_PRODUCTS_DIR)/NdnCon.app/Contents/MacOS/NdnCon";
				COMBINE_HIDPI_IMAGES = YES;
				FRAMEWORK_SEARCH_PATHS = (
					"$(DEVELOPER_FRAMEWORKS_DIR)",
					"$(inherited)",
				);
				GCC_PRECOMPILE_PREFIX_HEADER = YES;
				GCC_PREFIX_HEADER = "NdnCon/NdnCon-Prefix.pch";
				INFOPLIST_FILE = "NdnConTests/NdnConTests-Info.plist";
				PRODUCT_NAME = "$(TARGET_NAME)";
				TEST_HOST = "$(BUNDLE_LOADER)";
				WRAPPER_EXTENSION = xctest;
			};
			name = Release;
		};
/* End XCBuildConfiguration section */

/* Begin XCConfigurationList section */
		AFD978E119BE546D0061AA24 /* Build configuration list for PBXProject "NdnCon" */ = {
			isa = XCConfigurationList;
			buildConfigurations = (
				AFD9791819BE546E0061AA24 /* Debug */,
				AFD9791919BE546E0061AA24 /* Release */,
			);
			defaultConfigurationIsVisible = 0;
			defaultConfigurationName = Release;
		};
		AFD9791A19BE546E0061AA24 /* Build configuration list for PBXNativeTarget "NdnCon" */ = {
			isa = XCConfigurationList;
			buildConfigurations = (
				AFD9791B19BE546E0061AA24 /* Debug */,
				AFD9791C19BE546E0061AA24 /* Release */,
			);
			defaultConfigurationIsVisible = 0;
			defaultConfigurationName = Release;
		};
		AFD9791D19BE546E0061AA24 /* Build configuration list for PBXNativeTarget "NdnConTests" */ = {
			isa = XCConfigurationList;
			buildConfigurations = (
				AFD9791E19BE546E0061AA24 /* Debug */,
				AFD9791F19BE546E0061AA24 /* Release */,
			);
			defaultConfigurationIsVisible = 0;
			defaultConfigurationName = Release;
		};
/* End XCConfigurationList section */

/* Begin XCVersionGroup section */
		AFD9790119BE546D0061AA24 /* NdnCon.xcdatamodeld */ = {
			isa = XCVersionGroup;
			children = (
				AF744CBC19ECAD6C00E92680 /* NdnCon v0.2.0.xcdatamodel */,
				AFD9790219BE546D0061AA24 /* NdnCon.xcdatamodel */,
			);
			currentVersion = AF744CBC19ECAD6C00E92680 /* NdnCon v0.2.0.xcdatamodel */;
			path = NdnCon.xcdatamodeld;
			sourceTree = "<group>";
			versionGroupType = wrapper.xcdatamodel;
		};
/* End XCVersionGroup section */
	};
	rootObject = AFD978DE19BE546D0061AA24 /* Project object */;
}
